PODS:
  - CocoaLumberjack (1.8.0):
    - CocoaLumberjack/Extensions
  - CocoaLumberjack/Core (1.8.0)
  - CocoaLumberjack/Extensions (1.8.0):
    - CocoaLumberjack/Core
  - PureWeb (4.1.3.0):
    - CocoaLumberjack (= 1.8.0)
    - RegexKitLite (= 4.0)
  - RegexKitLite (4.0)

DEPENDENCIES:
  - PureWeb

SPEC CHECKSUMS:
  CocoaLumberjack: 2799baf46a4587116e97e85483538e0e92818430
  PureWeb: ccebe80c89e45e126e5b5ea268e4ae53dd55beb6
  RegexKitLite: c0e4c12e6e7de0769f3a3ed679f0f61604170661

COCOAPODS: 0.34.1
