<?xml version="1.0" encoding="UTF-8"?>
<!DOCTYPE plist PUBLIC "-//Apple//DTD PLIST 1.0//EN" "http://www.apple.com/DTDs/PropertyList-1.0.dtd">
<plist version="1.0">
<dict>
	<key>archiveVersion</key>
	<string>1</string>
	<key>classes</key>
	<dict/>
	<key>objectVersion</key>
	<string>46</string>
	<key>objects</key>
	<dict>
		<key>1DBC6F799EB6A570C3E040DC</key>
		<dict>
			<key>children</key>
			<array>
				<string>446E874AA5AA6EEFE3DE01B2</string>
				<string>A580FB9879CDF93F73590C60</string>
			</array>
			<key>isa</key>
			<string>PBXGroup</string>
			<key>name</key>
			<string>Pods</string>
			<key>sourceTree</key>
			<string>&lt;group&gt;</string>
		</dict>
		<key>43281AF318F44D3000D51044</key>
		<dict>
			<key>children</key>
			<array>
				<string>43281AF618F44D9300D51044</string>
				<string>43281AF718F44D9300D51044</string>
			</array>
			<key>isa</key>
			<string>PBXGroup</string>
			<key>name</key>
			<string>Diagnostics</string>
			<key>sourceTree</key>
			<string>&lt;group&gt;</string>
		</dict>
		<key>43281AF618F44D9300D51044</key>
		<dict>
			<key>fileEncoding</key>
			<string>4</string>
			<key>isa</key>
			<string>PBXFileReference</string>
			<key>lastKnownFileType</key>
			<string>file.storyboard</string>
			<key>path</key>
			<string>Diagnostics_iPad.storyboard</string>
			<key>sourceTree</key>
			<string>&lt;group&gt;</string>
		</dict>
		<key>43281AF718F44D9300D51044</key>
		<dict>
			<key>fileEncoding</key>
			<string>4</string>
			<key>isa</key>
			<string>PBXFileReference</string>
			<key>lastKnownFileType</key>
			<string>file.storyboard</string>
			<key>path</key>
			<string>Diagnostics_iPhone.storyboard</string>
			<key>sourceTree</key>
			<string>&lt;group&gt;</string>
		</dict>
		<key>43281AF818F44D9300D51044</key>
		<dict>
			<key>fileRef</key>
			<string>43281AF618F44D9300D51044</string>
			<key>isa</key>
			<string>PBXBuildFile</string>
		</dict>
		<key>43281AF918F44D9300D51044</key>
		<dict>
			<key>fileRef</key>
			<string>43281AF718F44D9300D51044</string>
			<key>isa</key>
			<string>PBXBuildFile</string>
		</dict>
		<key>43281AFA18F44F1C00D51044</key>
		<dict>
			<key>children</key>
			<array>
				<string>43281AFB18F44F1C00D51044</string>
				<string>43281AFC18F44F1C00D51044</string>
				<string>43281AFD18F44F1C00D51044</string>
				<string>43281AFE18F44F1C00D51044</string>
				<string>43281AFF18F44F1C00D51044</string>
				<string>43281B0018F44F1C00D51044</string>
				<string>43281B0118F44F1C00D51044</string>
				<string>43281B0218F44F1C00D51044</string>
				<string>43281B0318F44F1C00D51044</string>
				<string>43281B0418F44F1C00D51044</string>
				<string>43281B0518F44F1C00D51044</string>
				<string>43281B0618F44F1C00D51044</string>
				<string>43281B0718F44F1C00D51044</string>
				<string>43281B0818F44F1C00D51044</string>
				<string>43281B0A18F44F1C00D51044</string>
				<string>43281B0B18F44F1C00D51044</string>
			</array>
			<key>isa</key>
			<string>PBXGroup</string>
			<key>name</key>
			<string>PureWebUI</string>
			<key>path</key>
			<string>../../PureWebUI/PureWebUI</string>
			<key>sourceTree</key>
			<string>&lt;group&gt;</string>
		</dict>
		<key>43281AFB18F44F1C00D51044</key>
		<dict>
			<key>fileEncoding</key>
			<string>4</string>
			<key>isa</key>
			<string>PBXFileReference</string>
			<key>lastKnownFileType</key>
			<string>sourcecode.c.h</string>
			<key>path</key>
			<string>AppStateViewController.h</string>
			<key>sourceTree</key>
			<string>&lt;group&gt;</string>
		</dict>
		<key>43281AFC18F44F1C00D51044</key>
		<dict>
			<key>fileEncoding</key>
			<string>4</string>
			<key>isa</key>
			<string>PBXFileReference</string>
			<key>lastKnownFileType</key>
			<string>sourcecode.c.objc</string>
			<key>path</key>
			<string>AppStateViewController.m</string>
			<key>sourceTree</key>
			<string>&lt;group&gt;</string>
		</dict>
		<key>43281AFD18F44F1C00D51044</key>
		<dict>
			<key>fileEncoding</key>
			<string>4</string>
			<key>isa</key>
			<string>PBXFileReference</string>
			<key>lastKnownFileType</key>
			<string>sourcecode.c.h</string>
			<key>path</key>
			<string>DiagnosticsViewController.h</string>
			<key>sourceTree</key>
			<string>&lt;group&gt;</string>
		</dict>
		<key>43281AFE18F44F1C00D51044</key>
		<dict>
			<key>fileEncoding</key>
			<string>4</string>
			<key>isa</key>
			<string>PBXFileReference</string>
			<key>lastKnownFileType</key>
			<string>sourcecode.c.objc</string>
			<key>path</key>
			<string>DiagnosticsViewController.m</string>
			<key>sourceTree</key>
			<string>&lt;group&gt;</string>
		</dict>
		<key>43281AFF18F44F1C00D51044</key>
		<dict>
			<key>fileEncoding</key>
			<string>4</string>
			<key>isa</key>
			<string>PBXFileReference</string>
			<key>lastKnownFileType</key>
			<string>sourcecode.c.h</string>
			<key>path</key>
			<string>DiagnosticViewDelegate.h</string>
			<key>sourceTree</key>
			<string>&lt;group&gt;</string>
		</dict>
		<key>43281B0018F44F1C00D51044</key>
		<dict>
			<key>fileEncoding</key>
			<string>4</string>
			<key>isa</key>
			<string>PBXFileReference</string>
			<key>lastKnownFileType</key>
			<string>sourcecode.c.objc</string>
			<key>path</key>
			<string>DiagnosticViewDelegate.m</string>
			<key>sourceTree</key>
			<string>&lt;group&gt;</string>
		</dict>
		<key>43281B0118F44F1C00D51044</key>
		<dict>
			<key>fileEncoding</key>
			<string>4</string>
			<key>isa</key>
			<string>PBXFileReference</string>
			<key>lastKnownFileType</key>
			<string>sourcecode.c.h</string>
			<key>path</key>
			<string>LoginViewController.h</string>
			<key>sourceTree</key>
			<string>&lt;group&gt;</string>
		</dict>
		<key>43281B0218F44F1C00D51044</key>
		<dict>
			<key>fileEncoding</key>
			<string>4</string>
			<key>isa</key>
			<string>PBXFileReference</string>
			<key>lastKnownFileType</key>
			<string>sourcecode.c.objc</string>
			<key>path</key>
			<string>LoginViewController.m</string>
			<key>sourceTree</key>
			<string>&lt;group&gt;</string>
		</dict>
		<key>43281B0318F44F1C00D51044</key>
		<dict>
			<key>fileEncoding</key>
			<string>4</string>
			<key>isa</key>
			<string>PBXFileReference</string>
			<key>lastKnownFileType</key>
			<string>sourcecode.c.h</string>
			<key>path</key>
			<string>NSURL+URLHelpers.h</string>
			<key>sourceTree</key>
			<string>&lt;group&gt;</string>
		</dict>
		<key>43281B0418F44F1C00D51044</key>
		<dict>
			<key>fileEncoding</key>
			<string>4</string>
			<key>isa</key>
			<string>PBXFileReference</string>
			<key>lastKnownFileType</key>
			<string>sourcecode.c.objc</string>
			<key>path</key>
			<string>NSURL+URLHelpers.m</string>
			<key>sourceTree</key>
			<string>&lt;group&gt;</string>
		</dict>
		<key>43281B0518F44F1C00D51044</key>
		<dict>
			<key>fileEncoding</key>
			<string>4</string>
			<key>isa</key>
			<string>PBXFileReference</string>
			<key>lastKnownFileType</key>
			<string>sourcecode.c.h</string>
			<key>path</key>
			<string>OptionsViewController.h</string>
			<key>sourceTree</key>
			<string>&lt;group&gt;</string>
		</dict>
		<key>43281B0618F44F1C00D51044</key>
		<dict>
			<key>fileEncoding</key>
			<string>4</string>
			<key>isa</key>
			<string>PBXFileReference</string>
			<key>lastKnownFileType</key>
			<string>sourcecode.c.objc</string>
			<key>path</key>
			<string>OptionsViewController.m</string>
			<key>sourceTree</key>
			<string>&lt;group&gt;</string>
		</dict>
		<key>43281B0718F44F1C00D51044</key>
		<dict>
			<key>fileEncoding</key>
			<string>4</string>
			<key>isa</key>
			<string>PBXFileReference</string>
			<key>lastKnownFileType</key>
			<string>sourcecode.c.h</string>
			<key>path</key>
			<string>PureWebUI-Prefix.pch</string>
			<key>sourceTree</key>
			<string>&lt;group&gt;</string>
		</dict>
		<key>43281B0818F44F1C00D51044</key>
		<dict>
			<key>children</key>
			<array>
				<string>43281B0918F44F1C00D51044</string>
			</array>
			<key>isa</key>
			<string>PBXGroup</string>
			<key>path</key>
			<string>Shared Resources</string>
			<key>sourceTree</key>
			<string>&lt;group&gt;</string>
		</dict>
		<key>43281B0918F44F1C00D51044</key>
		<dict>
			<key>isa</key>
			<string>PBXFileReference</string>
			<key>lastKnownFileType</key>
			<string>folder.assetcatalog</string>
			<key>path</key>
			<string>Images.xcassets</string>
			<key>sourceTree</key>
			<string>&lt;group&gt;</string>
		</dict>
		<key>43281B0A18F44F1C00D51044</key>
		<dict>
			<key>fileEncoding</key>
			<string>4</string>
			<key>isa</key>
			<string>PBXFileReference</string>
			<key>lastKnownFileType</key>
			<string>sourcecode.c.h</string>
			<key>path</key>
			<string>TraceViewController.h</string>
			<key>sourceTree</key>
			<string>&lt;group&gt;</string>
		</dict>
		<key>43281B0B18F44F1C00D51044</key>
		<dict>
			<key>fileEncoding</key>
			<string>4</string>
			<key>isa</key>
			<string>PBXFileReference</string>
			<key>lastKnownFileType</key>
			<string>sourcecode.c.objc</string>
			<key>path</key>
			<string>TraceViewController.m</string>
			<key>sourceTree</key>
			<string>&lt;group&gt;</string>
		</dict>
		<key>43281B0C18F44F1C00D51044</key>
		<dict>
			<key>fileRef</key>
			<string>43281AFC18F44F1C00D51044</string>
			<key>isa</key>
			<string>PBXBuildFile</string>
		</dict>
		<key>43281B0D18F44F1C00D51044</key>
		<dict>
			<key>fileRef</key>
			<string>43281AFE18F44F1C00D51044</string>
			<key>isa</key>
			<string>PBXBuildFile</string>
		</dict>
		<key>43281B0E18F44F1C00D51044</key>
		<dict>
			<key>fileRef</key>
			<string>43281B0018F44F1C00D51044</string>
			<key>isa</key>
			<string>PBXBuildFile</string>
		</dict>
		<key>43281B0F18F44F1C00D51044</key>
		<dict>
			<key>fileRef</key>
			<string>43281B0218F44F1C00D51044</string>
			<key>isa</key>
			<string>PBXBuildFile</string>
		</dict>
		<key>43281B1018F44F1C00D51044</key>
		<dict>
			<key>fileRef</key>
			<string>43281B0418F44F1C00D51044</string>
			<key>isa</key>
			<string>PBXBuildFile</string>
		</dict>
		<key>43281B1118F44F1C00D51044</key>
		<dict>
			<key>fileRef</key>
			<string>43281B0618F44F1C00D51044</string>
			<key>isa</key>
			<string>PBXBuildFile</string>
		</dict>
		<key>43281B1218F44F1C00D51044</key>
		<dict>
			<key>fileRef</key>
			<string>43281B0918F44F1C00D51044</string>
			<key>isa</key>
			<string>PBXBuildFile</string>
		</dict>
		<key>43281B1318F44F1C00D51044</key>
		<dict>
			<key>fileRef</key>
			<string>43281B0B18F44F1C00D51044</string>
			<key>isa</key>
			<string>PBXBuildFile</string>
		</dict>
		<key>4380758918E0B96A00A6E8CD</key>
		<dict>
			<key>fileEncoding</key>
			<string>4</string>
			<key>isa</key>
			<string>PBXFileReference</string>
			<key>lastKnownFileType</key>
			<string>sourcecode.c.h</string>
			<key>path</key>
			<string>AppDelegate.h</string>
			<key>sourceTree</key>
			<string>&lt;group&gt;</string>
		</dict>
		<key>4380758A18E0B96A00A6E8CD</key>
		<dict>
			<key>fileEncoding</key>
			<string>4</string>
			<key>isa</key>
			<string>PBXFileReference</string>
			<key>lastKnownFileType</key>
			<string>sourcecode.c.objc</string>
			<key>path</key>
			<string>AppDelegate.m</string>
			<key>sourceTree</key>
			<string>&lt;group&gt;</string>
		</dict>
		<key>4380758B18E0B96A00A6E8CD</key>
		<dict>
			<key>fileEncoding</key>
			<string>4</string>
			<key>isa</key>
			<string>PBXFileReference</string>
			<key>lastKnownFileType</key>
			<string>sourcecode.c.h</string>
			<key>path</key>
			<string>AspectRatioViewController.h</string>
			<key>sourceTree</key>
			<string>&lt;group&gt;</string>
		</dict>
		<key>4380758C18E0B96A00A6E8CD</key>
		<dict>
			<key>fileEncoding</key>
			<string>4</string>
			<key>isa</key>
			<string>PBXFileReference</string>
			<key>lastKnownFileType</key>
			<string>sourcecode.c.objc</string>
			<key>path</key>
			<string>AspectRatioViewController.m</string>
			<key>sourceTree</key>
			<string>&lt;group&gt;</string>
		</dict>
		<key>4380758D18E0B96A00A6E8CD</key>
		<dict>
			<key>fileEncoding</key>
			<string>4</string>
			<key>isa</key>
			<string>PBXFileReference</string>
			<key>lastKnownFileType</key>
			<string>file.xib</string>
			<key>path</key>
			<string>BabelControlCell.xib</string>
			<key>sourceTree</key>
			<string>&lt;group&gt;</string>
		</dict>
		<key>4380758E18E0B96A00A6E8CD</key>
		<dict>
			<key>fileEncoding</key>
			<string>4</string>
			<key>isa</key>
			<string>PBXFileReference</string>
			<key>lastKnownFileType</key>
			<string>file.xib</string>
			<key>path</key>
			<string>BabelViewCell.xib</string>
			<key>sourceTree</key>
			<string>&lt;group&gt;</string>
		</dict>
		<key>4380758F18E0B96A00A6E8CD</key>
		<dict>
			<key>fileEncoding</key>
			<string>4</string>
			<key>isa</key>
			<string>PBXFileReference</string>
			<key>lastKnownFileType</key>
			<string>sourcecode.c.h</string>
			<key>path</key>
			<string>BabelViewController.h</string>
			<key>sourceTree</key>
			<string>&lt;group&gt;</string>
		</dict>
		<key>4380759018E0B96A00A6E8CD</key>
		<dict>
			<key>fileEncoding</key>
			<string>4</string>
			<key>isa</key>
			<string>PBXFileReference</string>
			<key>lastKnownFileType</key>
			<string>sourcecode.c.objc</string>
			<key>path</key>
			<string>BabelViewController.m</string>
			<key>sourceTree</key>
			<string>&lt;group&gt;</string>
		</dict>
		<key>4380759118E0B96A00A6E8CD</key>
		<dict>
			<key>fileEncoding</key>
			<string>4</string>
			<key>isa</key>
			<string>PBXFileReference</string>
			<key>lastKnownFileType</key>
			<string>file.xib</string>
			<key>path</key>
			<string>BabelViewHeader.xib</string>
			<key>sourceTree</key>
			<string>&lt;group&gt;</string>
		</dict>
		<key>4380759218E0B96A00A6E8CD</key>
		<dict>
			<key>fileEncoding</key>
			<string>4</string>
			<key>isa</key>
			<string>PBXFileReference</string>
			<key>lastKnownFileType</key>
			<string>sourcecode.c.h</string>
			<key>path</key>
			<string>DDxSettingsViewController.h</string>
			<key>sourceTree</key>
			<string>&lt;group&gt;</string>
		</dict>
		<key>4380759318E0B96A00A6E8CD</key>
		<dict>
			<key>fileEncoding</key>
			<string>4</string>
			<key>isa</key>
			<string>PBXFileReference</string>
			<key>lastKnownFileType</key>
			<string>sourcecode.c.objc</string>
			<key>path</key>
			<string>DDxSettingsViewController.m</string>
			<key>sourceTree</key>
			<string>&lt;group&gt;</string>
		</dict>
		<key>4380759418E0B96A00A6E8CD</key>
		<dict>
			<key>fileEncoding</key>
			<string>4</string>
			<key>isa</key>
			<string>PBXFileReference</string>
			<key>lastKnownFileType</key>
			<string>file.xib</string>
			<key>path</key>
			<string>DDxSettingsViewController.xib</string>
			<key>sourceTree</key>
			<string>&lt;group&gt;</string>
		</dict>
		<key>4380759518E0B96A00A6E8CD</key>
		<dict>
			<key>fileEncoding</key>
			<string>4</string>
			<key>isa</key>
			<string>PBXFileReference</string>
			<key>lastKnownFileType</key>
			<string>sourcecode.c.h</string>
			<key>path</key>
			<string>DDxView.h</string>
			<key>sourceTree</key>
			<string>&lt;group&gt;</string>
		</dict>
		<key>4380759618E0B96A00A6E8CD</key>
		<dict>
			<key>fileEncoding</key>
			<string>4</string>
			<key>isa</key>
			<string>PBXFileReference</string>
			<key>lastKnownFileType</key>
			<string>sourcecode.c.objc</string>
			<key>path</key>
			<string>DDxView.m</string>
			<key>sourceTree</key>
			<string>&lt;group&gt;</string>
		</dict>
		<key>4380759718E0B96A00A6E8CD</key>
		<dict>
			<key>fileEncoding</key>
			<string>4</string>
			<key>isa</key>
			<string>PBXFileReference</string>
			<key>lastKnownFileType</key>
			<string>sourcecode.c.h</string>
			<key>path</key>
			<string>DDxViewController.h</string>
			<key>sourceTree</key>
			<string>&lt;group&gt;</string>
		</dict>
		<key>4380759818E0B96A00A6E8CD</key>
		<dict>
			<key>fileEncoding</key>
			<string>4</string>
			<key>isa</key>
			<string>PBXFileReference</string>
			<key>lastKnownFileType</key>
			<string>sourcecode.c.objc</string>
			<key>path</key>
			<string>DDxViewController.m</string>
			<key>sourceTree</key>
			<string>&lt;group&gt;</string>
		</dict>
		<key>4380759918E0B96A00A6E8CD</key>
		<dict>
			<key>fileEncoding</key>
			<string>4</string>
			<key>isa</key>
			<string>PBXFileReference</string>
			<key>lastKnownFileType</key>
			<string>sourcecode.c.h</string>
			<key>path</key>
			<string>LocaleData.h</string>
			<key>sourceTree</key>
			<string>&lt;group&gt;</string>
		</dict>
		<key>4380759A18E0B96A00A6E8CD</key>
		<dict>
			<key>fileEncoding</key>
			<string>4</string>
			<key>isa</key>
			<string>PBXFileReference</string>
			<key>lastKnownFileType</key>
			<string>sourcecode.c.objc</string>
			<key>path</key>
			<string>LocaleData.m</string>
			<key>sourceTree</key>
			<string>&lt;group&gt;</string>
		</dict>
		<key>4380759B18E0B96A00A6E8CD</key>
		<dict>
			<key>fileEncoding</key>
			<string>4</string>
			<key>isa</key>
			<string>PBXFileReference</string>
			<key>lastKnownFileType</key>
			<string>sourcecode.c.h</string>
			<key>path</key>
			<string>OptionsPanelDelegate.h</string>
			<key>sourceTree</key>
			<string>&lt;group&gt;</string>
		</dict>
		<key>4380759C18E0B96A00A6E8CD</key>
		<dict>
			<key>fileEncoding</key>
			<string>4</string>
			<key>isa</key>
			<string>PBXFileReference</string>
			<key>lastKnownFileType</key>
			<string>sourcecode.c.h</string>
			<key>path</key>
			<string>PGSettingsViewController.h</string>
			<key>sourceTree</key>
			<string>&lt;group&gt;</string>
		</dict>
		<key>4380759D18E0B96A00A6E8CD</key>
		<dict>
			<key>fileEncoding</key>
			<string>4</string>
			<key>isa</key>
			<string>PBXFileReference</string>
			<key>lastKnownFileType</key>
			<string>sourcecode.c.objc</string>
			<key>path</key>
			<string>PGSettingsViewController.m</string>
			<key>sourceTree</key>
			<string>&lt;group&gt;</string>
		</dict>
		<key>4380759E18E0B96A00A6E8CD</key>
		<dict>
			<key>fileEncoding</key>
			<string>4</string>
			<key>isa</key>
			<string>PBXFileReference</string>
			<key>lastKnownFileType</key>
			<string>file.xib</string>
			<key>path</key>
			<string>PGSettingsViewController.xib</string>
			<key>sourceTree</key>
			<string>&lt;group&gt;</string>
		</dict>
		<key>4380759F18E0B96A00A6E8CD</key>
		<dict>
			<key>fileEncoding</key>
			<string>4</string>
			<key>isa</key>
			<string>PBXFileReference</string>
			<key>lastKnownFileType</key>
			<string>sourcecode.c.h</string>
			<key>path</key>
			<string>PGViewController.h</string>
			<key>sourceTree</key>
			<string>&lt;group&gt;</string>
		</dict>
		<key>438075A018E0B96A00A6E8CD</key>
		<dict>
			<key>fileEncoding</key>
			<string>4</string>
			<key>isa</key>
			<string>PBXFileReference</string>
			<key>lastKnownFileType</key>
			<string>sourcecode.c.objc</string>
			<key>path</key>
			<string>PGViewController.m</string>
			<key>sourceTree</key>
			<string>&lt;group&gt;</string>
		</dict>
		<key>438075A118E0B96A00A6E8CD</key>
		<dict>
			<key>fileEncoding</key>
			<string>4</string>
			<key>isa</key>
			<string>PBXFileReference</string>
			<key>lastKnownFileType</key>
			<string>sourcecode.c.h</string>
			<key>path</key>
			<string>TabViewController.h</string>
			<key>sourceTree</key>
			<string>&lt;group&gt;</string>
		</dict>
		<key>438075A218E0B96A00A6E8CD</key>
		<dict>
			<key>fileEncoding</key>
			<string>4</string>
			<key>isa</key>
			<string>PBXFileReference</string>
			<key>lastKnownFileType</key>
			<string>sourcecode.c.objc</string>
			<key>path</key>
			<string>TabViewController.m</string>
			<key>sourceTree</key>
			<string>&lt;group&gt;</string>
		</dict>
		<key>438075A318E0B96A00A6E8CD</key>
		<dict>
			<key>fileEncoding</key>
			<string>4</string>
			<key>isa</key>
			<string>PBXFileReference</string>
			<key>lastKnownFileType</key>
			<string>file.xib</string>
			<key>path</key>
			<string>TabViewController.xib</string>
			<key>sourceTree</key>
			<string>&lt;group&gt;</string>
		</dict>
		<key>438075A418E0B96A00A6E8CD</key>
		<dict>
			<key>fileRef</key>
			<string>4380758A18E0B96A00A6E8CD</string>
			<key>isa</key>
			<string>PBXBuildFile</string>
		</dict>
		<key>438075A518E0B96A00A6E8CD</key>
		<dict>
			<key>fileRef</key>
			<string>4380758C18E0B96A00A6E8CD</string>
			<key>isa</key>
			<string>PBXBuildFile</string>
		</dict>
		<key>438075A618E0B96A00A6E8CD</key>
		<dict>
			<key>fileRef</key>
			<string>4380758D18E0B96A00A6E8CD</string>
			<key>isa</key>
			<string>PBXBuildFile</string>
		</dict>
		<key>438075A718E0B96A00A6E8CD</key>
		<dict>
			<key>fileRef</key>
			<string>4380758E18E0B96A00A6E8CD</string>
			<key>isa</key>
			<string>PBXBuildFile</string>
		</dict>
		<key>438075A818E0B96A00A6E8CD</key>
		<dict>
			<key>fileRef</key>
			<string>4380759018E0B96A00A6E8CD</string>
			<key>isa</key>
			<string>PBXBuildFile</string>
		</dict>
		<key>438075A918E0B96A00A6E8CD</key>
		<dict>
			<key>fileRef</key>
			<string>4380759118E0B96A00A6E8CD</string>
			<key>isa</key>
			<string>PBXBuildFile</string>
		</dict>
		<key>438075AA18E0B96A00A6E8CD</key>
		<dict>
			<key>fileRef</key>
			<string>4380759318E0B96A00A6E8CD</string>
			<key>isa</key>
			<string>PBXBuildFile</string>
		</dict>
		<key>438075AB18E0B96A00A6E8CD</key>
		<dict>
			<key>fileRef</key>
			<string>4380759418E0B96A00A6E8CD</string>
			<key>isa</key>
			<string>PBXBuildFile</string>
		</dict>
		<key>438075AC18E0B96A00A6E8CD</key>
		<dict>
			<key>fileRef</key>
			<string>4380759618E0B96A00A6E8CD</string>
			<key>isa</key>
			<string>PBXBuildFile</string>
		</dict>
		<key>438075AD18E0B96A00A6E8CD</key>
		<dict>
			<key>fileRef</key>
			<string>4380759818E0B96A00A6E8CD</string>
			<key>isa</key>
			<string>PBXBuildFile</string>
		</dict>
		<key>438075AE18E0B96A00A6E8CD</key>
		<dict>
			<key>fileRef</key>
			<string>4380759A18E0B96A00A6E8CD</string>
			<key>isa</key>
			<string>PBXBuildFile</string>
		</dict>
		<key>438075AF18E0B96A00A6E8CD</key>
		<dict>
			<key>fileRef</key>
			<string>4380759D18E0B96A00A6E8CD</string>
			<key>isa</key>
			<string>PBXBuildFile</string>
		</dict>
		<key>438075B018E0B96A00A6E8CD</key>
		<dict>
			<key>fileRef</key>
			<string>4380759E18E0B96A00A6E8CD</string>
			<key>isa</key>
			<string>PBXBuildFile</string>
		</dict>
		<key>438075B118E0B96A00A6E8CD</key>
		<dict>
			<key>fileRef</key>
			<string>438075A018E0B96A00A6E8CD</string>
			<key>isa</key>
			<string>PBXBuildFile</string>
		</dict>
		<key>438075B218E0B96A00A6E8CD</key>
		<dict>
			<key>fileRef</key>
			<string>438075A218E0B96A00A6E8CD</string>
			<key>isa</key>
			<string>PBXBuildFile</string>
		</dict>
		<key>438075B318E0B96A00A6E8CD</key>
		<dict>
			<key>fileRef</key>
			<string>438075A318E0B96A00A6E8CD</string>
			<key>isa</key>
			<string>PBXBuildFile</string>
		</dict>
		<key>438075B418E0BA0700A6E8CD</key>
		<dict>
			<key>isa</key>
			<string>PBXFileReference</string>
			<key>lastKnownFileType</key>
			<string>image.png</string>
			<key>path</key>
			<string>Default-568h@2x.png</string>
			<key>sourceTree</key>
			<string>&lt;group&gt;</string>
		</dict>
		<key>438075B518E0BA0700A6E8CD</key>
		<dict>
			<key>children</key>
			<array>
				<string>4380763B18E1E14500A6E8CD</string>
				<string>4380763518E1DB9F00A6E8CD</string>
				<string>4380763318E1DA1500A6E8CD</string>
				<string>4380763018E1D78300A6E8CD</string>
				<string>438075B618E0BA0700A6E8CD</string>
				<string>438075B718E0BA0700A6E8CD</string>
				<string>438075B818E0BA0700A6E8CD</string>
				<string>438075B918E0BA0700A6E8CD</string>
				<string>438075BA18E0BA0700A6E8CD</string>
				<string>438075BB18E0BA0700A6E8CD</string>
				<string>438075BC18E0BA0700A6E8CD</string>
				<string>438075BD18E0BA0700A6E8CD</string>
				<string>438075BE18E0BA0700A6E8CD</string>
				<string>438075BF18E0BA0700A6E8CD</string>
				<string>438075C018E0BA0700A6E8CD</string>
				<string>438075C118E0BA0700A6E8CD</string>
				<string>438075C218E0BA0700A6E8CD</string>
				<string>438075C318E0BA0700A6E8CD</string>
				<string>438075C418E0BA0700A6E8CD</string>
				<string>438075C518E0BA0700A6E8CD</string>
				<string>438075C618E0BA0700A6E8CD</string>
			</array>
			<key>isa</key>
			<string>PBXGroup</string>
			<key>path</key>
			<string>Images</string>
			<key>sourceTree</key>
			<string>&lt;group&gt;</string>
		</dict>
		<key>438075B618E0BA0700A6E8CD</key>
		<dict>
			<key>isa</key>
			<string>PBXFileReference</string>
			<key>lastKnownFileType</key>
			<string>image.png</string>
			<key>path</key>
			<string>08-chat.png</string>
			<key>sourceTree</key>
			<string>&lt;group&gt;</string>
		</dict>
		<key>438075B718E0BA0700A6E8CD</key>
		<dict>
			<key>isa</key>
			<string>PBXFileReference</string>
			<key>lastKnownFileType</key>
			<string>image.png</string>
			<key>path</key>
			<string>09-chat-2.png</string>
			<key>sourceTree</key>
			<string>&lt;group&gt;</string>
		</dict>
		<key>438075B818E0BA0700A6E8CD</key>
		<dict>
			<key>isa</key>
			<string>PBXFileReference</string>
			<key>lastKnownFileType</key>
			<string>image.png</string>
			<key>path</key>
			<string>103-map.png</string>
			<key>sourceTree</key>
			<string>&lt;group&gt;</string>
		</dict>
		<key>438075B918E0BA0700A6E8CD</key>
		<dict>
			<key>isa</key>
			<string>PBXFileReference</string>
			<key>lastKnownFileType</key>
			<string>image.png</string>
			<key>path</key>
			<string>111-user.png</string>
			<key>sourceTree</key>
			<string>&lt;group&gt;</string>
		</dict>
		<key>438075BA18E0BA0700A6E8CD</key>
		<dict>
			<key>isa</key>
			<string>PBXFileReference</string>
			<key>lastKnownFileType</key>
			<string>image.png</string>
			<key>path</key>
			<string>112-group.png</string>
			<key>sourceTree</key>
			<string>&lt;group&gt;</string>
		</dict>
		<key>438075BB18E0BA0700A6E8CD</key>
		<dict>
			<key>isa</key>
			<string>PBXFileReference</string>
			<key>lastKnownFileType</key>
			<string>image.png</string>
			<key>path</key>
			<string>156-controlpad.png</string>
			<key>sourceTree</key>
			<string>&lt;group&gt;</string>
		</dict>
		<key>438075BC18E0BA0700A6E8CD</key>
		<dict>
			<key>isa</key>
			<string>PBXFileReference</string>
			<key>lastKnownFileType</key>
			<string>image.png</string>
			<key>path</key>
			<string>16-line-chart.png</string>
			<key>sourceTree</key>
			<string>&lt;group&gt;</string>
		</dict>
		<key>438075BD18E0BA0700A6E8CD</key>
		<dict>
			<key>isa</key>
			<string>PBXFileReference</string>
			<key>lastKnownFileType</key>
			<string>image.png</string>
			<key>path</key>
			<string>17-bar-chart.png</string>
			<key>sourceTree</key>
			<string>&lt;group&gt;</string>
		</dict>
		<key>438075BE18E0BA0700A6E8CD</key>
		<dict>
			<key>isa</key>
			<string>PBXFileReference</string>
			<key>lastKnownFileType</key>
			<string>image.png</string>
			<key>path</key>
			<string>186-ruler.png</string>
			<key>sourceTree</key>
			<string>&lt;group&gt;</string>
		</dict>
		<key>438075BF18E0BA0700A6E8CD</key>
		<dict>
			<key>isa</key>
			<string>PBXFileReference</string>
			<key>lastKnownFileType</key>
			<string>image.png</string>
			<key>path</key>
			<string>19-gear.png</string>
			<key>sourceTree</key>
			<string>&lt;group&gt;</string>
		</dict>
		<key>438075C018E0BA0700A6E8CD</key>
		<dict>
			<key>isa</key>
			<string>PBXFileReference</string>
			<key>lastKnownFileType</key>
			<string>image.png</string>
			<key>path</key>
			<string>46-movie-2.png</string>
			<key>sourceTree</key>
			<string>&lt;group&gt;</string>
		</dict>
		<key>438075C118E0BA0700A6E8CD</key>
		<dict>
			<key>isa</key>
			<string>PBXFileReference</string>
			<key>lastKnownFileType</key>
			<string>image.png</string>
			<key>path</key>
			<string>71-compass.png</string>
			<key>sourceTree</key>
			<string>&lt;group&gt;</string>
		</dict>
		<key>438075C218E0BA0700A6E8CD</key>
		<dict>
			<key>isa</key>
			<string>PBXFileReference</string>
			<key>lastKnownFileType</key>
			<string>image.png</string>
			<key>path</key>
			<string>74-location.png</string>
			<key>sourceTree</key>
			<string>&lt;group&gt;</string>
		</dict>
		<key>438075C318E0BA0700A6E8CD</key>
		<dict>
			<key>isa</key>
			<string>PBXFileReference</string>
			<key>lastKnownFileType</key>
			<string>image.png</string>
			<key>path</key>
			<string>Bad.png</string>
			<key>sourceTree</key>
			<string>&lt;group&gt;</string>
		</dict>
		<key>438075C418E0BA0700A6E8CD</key>
		<dict>
			<key>isa</key>
			<string>PBXFileReference</string>
			<key>lastKnownFileType</key>
			<string>image.png</string>
			<key>path</key>
			<string>Good.png</string>
			<key>sourceTree</key>
			<string>&lt;group&gt;</string>
		</dict>
		<key>438075C518E0BA0700A6E8CD</key>
		<dict>
			<key>isa</key>
			<string>PBXFileReference</string>
			<key>lastKnownFileType</key>
			<string>image.png</string>
			<key>path</key>
			<string>invalidateShareUrl.png</string>
			<key>sourceTree</key>
			<string>&lt;group&gt;</string>
		</dict>
		<key>438075C618E0BA0700A6E8CD</key>
		<dict>
			<key>isa</key>
			<string>PBXFileReference</string>
			<key>lastKnownFileType</key>
			<string>image.png</string>
			<key>path</key>
			<string>sectionheaderbackground.png</string>
			<key>sourceTree</key>
			<string>&lt;group&gt;</string>
		</dict>
		<key>438075C718E0BA0700A6E8CD</key>
		<dict>
			<key>fileEncoding</key>
			<string>4</string>
			<key>isa</key>
			<string>PBXFileReference</string>
			<key>lastKnownFileType</key>
			<string>text.plist.xml</string>
			<key>path</key>
			<string>DDx-Info.plist</string>
			<key>sourceTree</key>
			<string>&lt;group&gt;</string>
		</dict>
		<key>438075C818E0BA0700A6E8CD</key>
		<dict>
			<key>fileEncoding</key>
			<string>4</string>
			<key>isa</key>
			<string>PBXFileReference</string>
			<key>lastKnownFileType</key>
			<string>sourcecode.c.objc</string>
			<key>path</key>
			<string>main.m</string>
			<key>sourceTree</key>
			<string>&lt;group&gt;</string>
		</dict>
		<key>438075C918E0BA0800A6E8CD</key>
		<dict>
			<key>fileEncoding</key>
			<string>4</string>
			<key>isa</key>
			<string>PBXFileReference</string>
			<key>lastKnownFileType</key>
			<string>file.xib</string>
			<key>path</key>
			<string>MainWindow.xib</string>
			<key>sourceTree</key>
			<string>&lt;group&gt;</string>
		</dict>
		<key>438075CA18E0BA0800A6E8CD</key>
		<dict>
			<key>fileEncoding</key>
			<string>4</string>
			<key>isa</key>
			<string>PBXFileReference</string>
			<key>lastKnownFileType</key>
			<string>sourcecode.c.h</string>
			<key>path</key>
			<string>DDx-Prefix.pch</string>
			<key>sourceTree</key>
			<string>&lt;group&gt;</string>
		</dict>
		<key>438075CB18E0BA0800A6E8CD</key>
		<dict>
			<key>isa</key>
			<string>PBXFileReference</string>
			<key>lastKnownFileType</key>
			<string>image.png</string>
			<key>path</key>
			<string>pureweb-t10.png</string>
			<key>sourceTree</key>
			<string>&lt;group&gt;</string>
		</dict>
		<key>438075CC18E0BA0800A6E8CD</key>
		<dict>
			<key>isa</key>
			<string>PBXFileReference</string>
			<key>lastKnownFileType</key>
			<string>wrapper.plug-in</string>
			<key>path</key>
			<string>Settings.bundle</string>
			<key>sourceTree</key>
			<string>&lt;group&gt;</string>
		</dict>
		<key>438075CD18E0BA0800A6E8CD</key>
		<dict>
			<key>isa</key>
			<string>PBXFileReference</string>
			<key>lastKnownFileType</key>
			<string>image.icns</string>
			<key>path</key>
			<string>TemplateIcon.icns</string>
			<key>sourceTree</key>
			<string>&lt;group&gt;</string>
		</dict>
		<key>438075CE18E0BA0800A6E8CD</key>
		<dict>
			<key>fileRef</key>
			<string>438075B418E0BA0700A6E8CD</string>
			<key>isa</key>
			<string>PBXBuildFile</string>
		</dict>
		<key>438075CF18E0BA0800A6E8CD</key>
		<dict>
			<key>fileRef</key>
			<string>438075B618E0BA0700A6E8CD</string>
			<key>isa</key>
			<string>PBXBuildFile</string>
		</dict>
		<key>438075D018E0BA0800A6E8CD</key>
		<dict>
			<key>fileRef</key>
			<string>438075B718E0BA0700A6E8CD</string>
			<key>isa</key>
			<string>PBXBuildFile</string>
		</dict>
		<key>438075D118E0BA0800A6E8CD</key>
		<dict>
			<key>fileRef</key>
			<string>438075B818E0BA0700A6E8CD</string>
			<key>isa</key>
			<string>PBXBuildFile</string>
		</dict>
		<key>438075D218E0BA0800A6E8CD</key>
		<dict>
			<key>fileRef</key>
			<string>438075B918E0BA0700A6E8CD</string>
			<key>isa</key>
			<string>PBXBuildFile</string>
		</dict>
		<key>438075D318E0BA0800A6E8CD</key>
		<dict>
			<key>fileRef</key>
			<string>438075BA18E0BA0700A6E8CD</string>
			<key>isa</key>
			<string>PBXBuildFile</string>
		</dict>
		<key>438075D418E0BA0800A6E8CD</key>
		<dict>
			<key>fileRef</key>
			<string>438075BB18E0BA0700A6E8CD</string>
			<key>isa</key>
			<string>PBXBuildFile</string>
		</dict>
		<key>438075D518E0BA0800A6E8CD</key>
		<dict>
			<key>fileRef</key>
			<string>438075BC18E0BA0700A6E8CD</string>
			<key>isa</key>
			<string>PBXBuildFile</string>
		</dict>
		<key>438075D618E0BA0800A6E8CD</key>
		<dict>
			<key>fileRef</key>
			<string>438075BD18E0BA0700A6E8CD</string>
			<key>isa</key>
			<string>PBXBuildFile</string>
		</dict>
		<key>438075D718E0BA0800A6E8CD</key>
		<dict>
			<key>fileRef</key>
			<string>438075BE18E0BA0700A6E8CD</string>
			<key>isa</key>
			<string>PBXBuildFile</string>
		</dict>
		<key>438075D818E0BA0800A6E8CD</key>
		<dict>
			<key>fileRef</key>
			<string>438075BF18E0BA0700A6E8CD</string>
			<key>isa</key>
			<string>PBXBuildFile</string>
		</dict>
		<key>438075D918E0BA0800A6E8CD</key>
		<dict>
			<key>fileRef</key>
			<string>438075C018E0BA0700A6E8CD</string>
			<key>isa</key>
			<string>PBXBuildFile</string>
		</dict>
		<key>438075DA18E0BA0800A6E8CD</key>
		<dict>
			<key>fileRef</key>
			<string>438075C118E0BA0700A6E8CD</string>
			<key>isa</key>
			<string>PBXBuildFile</string>
		</dict>
		<key>438075DB18E0BA0800A6E8CD</key>
		<dict>
			<key>fileRef</key>
			<string>438075C218E0BA0700A6E8CD</string>
			<key>isa</key>
			<string>PBXBuildFile</string>
		</dict>
		<key>438075DC18E0BA0800A6E8CD</key>
		<dict>
			<key>fileRef</key>
			<string>438075C318E0BA0700A6E8CD</string>
			<key>isa</key>
			<string>PBXBuildFile</string>
		</dict>
		<key>438075DD18E0BA0800A6E8CD</key>
		<dict>
			<key>fileRef</key>
			<string>438075C418E0BA0700A6E8CD</string>
			<key>isa</key>
			<string>PBXBuildFile</string>
		</dict>
		<key>438075DE18E0BA0800A6E8CD</key>
		<dict>
			<key>fileRef</key>
			<string>438075C518E0BA0700A6E8CD</string>
			<key>isa</key>
			<string>PBXBuildFile</string>
		</dict>
		<key>438075DF18E0BA0800A6E8CD</key>
		<dict>
			<key>fileRef</key>
			<string>438075C618E0BA0700A6E8CD</string>
			<key>isa</key>
			<string>PBXBuildFile</string>
		</dict>
		<key>438075E118E0BA0800A6E8CD</key>
		<dict>
			<key>fileRef</key>
			<string>438075C818E0BA0700A6E8CD</string>
			<key>isa</key>
			<string>PBXBuildFile</string>
		</dict>
		<key>438075E218E0BA0800A6E8CD</key>
		<dict>
			<key>fileRef</key>
			<string>438075C918E0BA0800A6E8CD</string>
			<key>isa</key>
			<string>PBXBuildFile</string>
		</dict>
		<key>438075E318E0BA0800A6E8CD</key>
		<dict>
			<key>fileRef</key>
			<string>438075CB18E0BA0800A6E8CD</string>
			<key>isa</key>
			<string>PBXBuildFile</string>
		</dict>
		<key>438075E418E0BA0800A6E8CD</key>
		<dict>
			<key>fileRef</key>
			<string>438075CC18E0BA0800A6E8CD</string>
			<key>isa</key>
			<string>PBXBuildFile</string>
		</dict>
		<key>438075E518E0BA0800A6E8CD</key>
		<dict>
			<key>fileRef</key>
			<string>438075CD18E0BA0800A6E8CD</string>
			<key>isa</key>
			<string>PBXBuildFile</string>
		</dict>
		<key>438075E718E0BA1B00A6E8CD</key>
		<dict>
			<key>children</key>
			<array>
				<string>4380762D18E0D74000A6E8CD</string>
				<string>438075B418E0BA0700A6E8CD</string>
				<string>438075B518E0BA0700A6E8CD</string>
				<string>438075C718E0BA0700A6E8CD</string>
				<string>438075C818E0BA0700A6E8CD</string>
				<string>438075C918E0BA0800A6E8CD</string>
				<string>438075CA18E0BA0800A6E8CD</string>
				<string>438075CB18E0BA0800A6E8CD</string>
				<string>438075CC18E0BA0800A6E8CD</string>
				<string>438075CD18E0BA0800A6E8CD</string>
			</array>
			<key>isa</key>
			<string>PBXGroup</string>
			<key>name</key>
			<string>Supporting Files</string>
			<key>sourceTree</key>
			<string>&lt;group&gt;</string>
		</dict>
		<key>438075E818E0BAD900A6E8CD</key>
		<dict>
			<key>children</key>
			<array>
				<string>438075E918E0BB4000A6E8CD</string>
				<string>438075EA18E0BB4000A6E8CD</string>
				<string>438075EB18E0BB4000A6E8CD</string>
				<string>438075EC18E0BB4000A6E8CD</string>
				<string>438075ED18E0BB4000A6E8CD</string>
				<string>438075EE18E0BB4000A6E8CD</string>
				<string>438075EF18E0BB4000A6E8CD</string>
				<string>438075F018E0BB4000A6E8CD</string>
				<string>438075F118E0BB4000A6E8CD</string>
				<string>438075F218E0BB4000A6E8CD</string>
				<string>438075F318E0BB4000A6E8CD</string>
				<string>438075F418E0BB4000A6E8CD</string>
				<string>438075F518E0BB4000A6E8CD</string>
				<string>438075F618E0BB4000A6E8CD</string>
				<string>438075F718E0BB4000A6E8CD</string>
				<string>438075F818E0BB4000A6E8CD</string>
				<string>438075F918E0BB4000A6E8CD</string>
				<string>438075FA18E0BB4000A6E8CD</string>
				<string>438075FB18E0BB4000A6E8CD</string>
				<string>438075FC18E0BB4000A6E8CD</string>
				<string>438075FD18E0BB4000A6E8CD</string>
				<string>438075FE18E0BB4000A6E8CD</string>
				<string>438075FF18E0BB4000A6E8CD</string>
				<string>4380760018E0BB4000A6E8CD</string>
				<string>4380760118E0BB4000A6E8CD</string>
				<string>4380760218E0BB4000A6E8CD</string>
				<string>4380760318E0BB4000A6E8CD</string>
				<string>4380760418E0BB4000A6E8CD</string>
				<string>4380760518E0BB4000A6E8CD</string>
				<string>4380760618E0BB4000A6E8CD</string>
				<string>4380760718E0BB4000A6E8CD</string>
				<string>4380760818E0BB4000A6E8CD</string>
				<string>4380760918E0BB4000A6E8CD</string>
				<string>4380760A18E0BB4000A6E8CD</string>
				<string>4380760B18E0BB4000A6E8CD</string>
				<string>4380760C18E0BB4000A6E8CD</string>
				<string>4380760D18E0BB4000A6E8CD</string>
				<string>4380760E18E0BB4000A6E8CD</string>
				<string>4380760F18E0BB4000A6E8CD</string>
				<string>4380761018E0BB4000A6E8CD</string>
				<string>4380761118E0BB4000A6E8CD</string>
				<string>4380761218E0BB4000A6E8CD</string>
				<string>4380761318E0BB4000A6E8CD</string>
				<string>4380761418E0BB4000A6E8CD</string>
			</array>
			<key>isa</key>
			<string>PBXGroup</string>
			<key>name</key>
			<string>Old PureWeb UI</string>
			<key>sourceTree</key>
			<string>&lt;group&gt;</string>
		</dict>
		<key>438075E918E0BB4000A6E8CD</key>
		<dict>
			<key>fileEncoding</key>
			<string>4</string>
			<key>isa</key>
			<string>PBXFileReference</string>
			<key>lastKnownFileType</key>
			<string>sourcecode.c.objc</string>
			<key>path</key>
			<string>UIAlertView+PWUtils.m</string>
			<key>sourceTree</key>
			<string>&lt;group&gt;</string>
		</dict>
		<key>438075EA18E0BB4000A6E8CD</key>
		<dict>
			<key>fileEncoding</key>
			<string>4</string>
			<key>isa</key>
			<string>PBXFileReference</string>
			<key>lastKnownFileType</key>
			<string>sourcecode.c.h</string>
			<key>path</key>
			<string>UIAlertView+PWUtils.h</string>
			<key>sourceTree</key>
			<string>&lt;group&gt;</string>
		</dict>
		<key>438075EB18E0BB4000A6E8CD</key>
		<dict>
			<key>fileEncoding</key>
			<string>4</string>
			<key>isa</key>
			<string>PBXFileReference</string>
			<key>lastKnownFileType</key>
			<string>sourcecode.c.objc</string>
			<key>path</key>
			<string>PWTraceViewController.m</string>
			<key>sourceTree</key>
			<string>&lt;group&gt;</string>
		</dict>
		<key>438075EC18E0BB4000A6E8CD</key>
		<dict>
			<key>fileEncoding</key>
			<string>4</string>
			<key>isa</key>
			<string>PBXFileReference</string>
			<key>lastKnownFileType</key>
			<string>sourcecode.c.h</string>
			<key>path</key>
			<string>PWTraceViewController.h</string>
			<key>sourceTree</key>
			<string>&lt;group&gt;</string>
		</dict>
		<key>438075ED18E0BB4000A6E8CD</key>
		<dict>
			<key>fileEncoding</key>
			<string>4</string>
			<key>isa</key>
			<string>PBXFileReference</string>
			<key>lastKnownFileType</key>
			<string>sourcecode.c.objc</string>
			<key>path</key>
			<string>PWTraceView.m</string>
			<key>sourceTree</key>
			<string>&lt;group&gt;</string>
		</dict>
		<key>438075EE18E0BB4000A6E8CD</key>
		<dict>
			<key>fileEncoding</key>
			<string>4</string>
			<key>isa</key>
			<string>PBXFileReference</string>
			<key>lastKnownFileType</key>
			<string>sourcecode.c.h</string>
			<key>path</key>
			<string>PWTraceView.h</string>
			<key>sourceTree</key>
			<string>&lt;group&gt;</string>
		</dict>
		<key>438075EF18E0BB4000A6E8CD</key>
		<dict>
			<key>fileEncoding</key>
			<string>4</string>
			<key>isa</key>
			<string>PBXFileReference</string>
			<key>lastKnownFileType</key>
			<string>sourcecode.c.objc</string>
			<key>path</key>
			<string>PWTouchButtonView.m</string>
			<key>sourceTree</key>
			<string>&lt;group&gt;</string>
		</dict>
		<key>438075F018E0BB4000A6E8CD</key>
		<dict>
			<key>fileEncoding</key>
			<string>4</string>
			<key>isa</key>
			<string>PBXFileReference</string>
			<key>lastKnownFileType</key>
			<string>sourcecode.c.h</string>
			<key>path</key>
			<string>PWTouchButtonView.h</string>
			<key>sourceTree</key>
			<string>&lt;group&gt;</string>
		</dict>
		<key>438075F118E0BB4000A6E8CD</key>
		<dict>
			<key>fileEncoding</key>
			<string>4</string>
			<key>isa</key>
			<string>PBXFileReference</string>
			<key>lastKnownFileType</key>
			<string>sourcecode.c.objc</string>
			<key>path</key>
			<string>PWTimingView.m</string>
			<key>sourceTree</key>
			<string>&lt;group&gt;</string>
		</dict>
		<key>438075F218E0BB4000A6E8CD</key>
		<dict>
			<key>fileEncoding</key>
			<string>4</string>
			<key>isa</key>
			<string>PBXFileReference</string>
			<key>lastKnownFileType</key>
			<string>sourcecode.c.h</string>
			<key>path</key>
			<string>PWTimingView.h</string>
			<key>sourceTree</key>
			<string>&lt;group&gt;</string>
		</dict>
		<key>438075F318E0BB4000A6E8CD</key>
		<dict>
			<key>fileEncoding</key>
			<string>4</string>
			<key>isa</key>
			<string>PBXFileReference</string>
			<key>lastKnownFileType</key>
			<string>sourcecode.c.objc</string>
			<key>path</key>
			<string>PWTiming.m</string>
			<key>sourceTree</key>
			<string>&lt;group&gt;</string>
		</dict>
		<key>438075F418E0BB4000A6E8CD</key>
		<dict>
			<key>fileEncoding</key>
			<string>4</string>
			<key>isa</key>
			<string>PBXFileReference</string>
			<key>lastKnownFileType</key>
			<string>sourcecode.c.h</string>
			<key>path</key>
			<string>PWTiming.h</string>
			<key>sourceTree</key>
			<string>&lt;group&gt;</string>
		</dict>
		<key>438075F518E0BB4000A6E8CD</key>
		<dict>
			<key>fileEncoding</key>
			<string>4</string>
			<key>isa</key>
			<string>PBXFileReference</string>
			<key>lastKnownFileType</key>
			<string>file.xib</string>
			<key>path</key>
			<string>PWTextEntryViewController.xib</string>
			<key>sourceTree</key>
			<string>&lt;group&gt;</string>
		</dict>
		<key>438075F618E0BB4000A6E8CD</key>
		<dict>
			<key>fileEncoding</key>
			<string>4</string>
			<key>isa</key>
			<string>PBXFileReference</string>
			<key>lastKnownFileType</key>
			<string>sourcecode.c.objc</string>
			<key>path</key>
			<string>PWTextEntryViewController.m</string>
			<key>sourceTree</key>
			<string>&lt;group&gt;</string>
		</dict>
		<key>438075F718E0BB4000A6E8CD</key>
		<dict>
			<key>fileEncoding</key>
			<string>4</string>
			<key>isa</key>
			<string>PBXFileReference</string>
			<key>lastKnownFileType</key>
			<string>sourcecode.c.h</string>
			<key>path</key>
			<string>PWTextEntryViewController.h</string>
			<key>sourceTree</key>
			<string>&lt;group&gt;</string>
		</dict>
		<key>438075F818E0BB4000A6E8CD</key>
		<dict>
			<key>fileEncoding</key>
			<string>4</string>
			<key>isa</key>
			<string>PBXFileReference</string>
			<key>lastKnownFileType</key>
			<string>sourcecode.c.objc</string>
			<key>path</key>
			<string>PWSegmentsController.m</string>
			<key>sourceTree</key>
			<string>&lt;group&gt;</string>
		</dict>
		<key>438075F918E0BB4000A6E8CD</key>
		<dict>
			<key>fileEncoding</key>
			<string>4</string>
			<key>isa</key>
			<string>PBXFileReference</string>
			<key>lastKnownFileType</key>
			<string>sourcecode.c.h</string>
			<key>path</key>
			<string>PWSegmentsController.h</string>
			<key>sourceTree</key>
			<string>&lt;group&gt;</string>
		</dict>
		<key>438075FA18E0BB4000A6E8CD</key>
		<dict>
			<key>fileEncoding</key>
			<string>4</string>
			<key>isa</key>
			<string>PBXFileReference</string>
			<key>lastKnownFileType</key>
			<string>sourcecode.c.objc</string>
			<key>path</key>
			<string>PWProfilerView.m</string>
			<key>sourceTree</key>
			<string>&lt;group&gt;</string>
		</dict>
		<key>438075FB18E0BB4000A6E8CD</key>
		<dict>
			<key>fileEncoding</key>
			<string>4</string>
			<key>isa</key>
			<string>PBXFileReference</string>
			<key>lastKnownFileType</key>
			<string>sourcecode.c.h</string>
			<key>path</key>
			<string>PWProfilerView.h</string>
			<key>sourceTree</key>
			<string>&lt;group&gt;</string>
		</dict>
		<key>438075FC18E0BB4000A6E8CD</key>
		<dict>
			<key>fileEncoding</key>
			<string>4</string>
			<key>isa</key>
			<string>PBXFileReference</string>
			<key>lastKnownFileType</key>
			<string>sourcecode.c.objc</string>
			<key>path</key>
			<string>PWParticipantInfo.m</string>
			<key>sourceTree</key>
			<string>&lt;group&gt;</string>
		</dict>
		<key>438075FD18E0BB4000A6E8CD</key>
		<dict>
			<key>fileEncoding</key>
			<string>4</string>
			<key>isa</key>
			<string>PBXFileReference</string>
			<key>lastKnownFileType</key>
			<string>sourcecode.c.h</string>
			<key>path</key>
			<string>PWParticipantInfo.h</string>
			<key>sourceTree</key>
			<string>&lt;group&gt;</string>
		</dict>
		<key>438075FE18E0BB4000A6E8CD</key>
		<dict>
			<key>fileEncoding</key>
			<string>4</string>
			<key>isa</key>
			<string>PBXFileReference</string>
			<key>lastKnownFileType</key>
			<string>sourcecode.c.objc</string>
			<key>path</key>
			<string>PWOptionViewController.m</string>
			<key>sourceTree</key>
			<string>&lt;group&gt;</string>
		</dict>
		<key>438075FF18E0BB4000A6E8CD</key>
		<dict>
			<key>fileEncoding</key>
			<string>4</string>
			<key>isa</key>
			<string>PBXFileReference</string>
			<key>lastKnownFileType</key>
			<string>sourcecode.c.h</string>
			<key>path</key>
			<string>PWOptionViewController.h</string>
			<key>sourceTree</key>
			<string>&lt;group&gt;</string>
		</dict>
		<key>4380760018E0BB4000A6E8CD</key>
		<dict>
			<key>fileEncoding</key>
			<string>4</string>
			<key>isa</key>
			<string>PBXFileReference</string>
			<key>lastKnownFileType</key>
			<string>file.xib</string>
			<key>path</key>
			<string>PWOptionView.xib</string>
			<key>sourceTree</key>
			<string>&lt;group&gt;</string>
		</dict>
		<key>4380760118E0BB4000A6E8CD</key>
		<dict>
			<key>fileEncoding</key>
			<string>4</string>
			<key>isa</key>
			<string>PBXFileReference</string>
			<key>lastKnownFileType</key>
			<string>sourcecode.c.objc</string>
			<key>path</key>
			<string>PWNavigationController.m</string>
			<key>sourceTree</key>
			<string>&lt;group&gt;</string>
		</dict>
		<key>4380760218E0BB4000A6E8CD</key>
		<dict>
			<key>fileEncoding</key>
			<string>4</string>
			<key>isa</key>
			<string>PBXFileReference</string>
			<key>lastKnownFileType</key>
			<string>sourcecode.c.h</string>
			<key>path</key>
			<string>PWNavigationController.h</string>
			<key>sourceTree</key>
			<string>&lt;group&gt;</string>
		</dict>
		<key>4380760318E0BB4000A6E8CD</key>
		<dict>
			<key>fileEncoding</key>
			<string>4</string>
			<key>isa</key>
			<string>PBXFileReference</string>
			<key>lastKnownFileType</key>
			<string>sourcecode.c.objc</string>
			<key>path</key>
			<string>PWNavigationButtonCollectionView.m</string>
			<key>sourceTree</key>
			<string>&lt;group&gt;</string>
		</dict>
		<key>4380760418E0BB4000A6E8CD</key>
		<dict>
			<key>fileEncoding</key>
			<string>4</string>
			<key>isa</key>
			<string>PBXFileReference</string>
			<key>lastKnownFileType</key>
			<string>sourcecode.c.h</string>
			<key>path</key>
			<string>PWNavigationButtonCollectionView.h</string>
			<key>sourceTree</key>
			<string>&lt;group&gt;</string>
		</dict>
		<key>4380760518E0BB4000A6E8CD</key>
		<dict>
			<key>fileEncoding</key>
			<string>4</string>
			<key>isa</key>
			<string>PBXFileReference</string>
			<key>lastKnownFileType</key>
			<string>file.xib</string>
			<key>path</key>
			<string>PWLoginViewController.xib</string>
			<key>sourceTree</key>
			<string>&lt;group&gt;</string>
		</dict>
		<key>4380760618E0BB4000A6E8CD</key>
		<dict>
			<key>fileEncoding</key>
			<string>4</string>
			<key>isa</key>
			<string>PBXFileReference</string>
			<key>lastKnownFileType</key>
			<string>sourcecode.c.objc</string>
			<key>path</key>
			<string>PWLoginViewController.m</string>
			<key>sourceTree</key>
			<string>&lt;group&gt;</string>
		</dict>
		<key>4380760718E0BB4000A6E8CD</key>
		<dict>
			<key>fileEncoding</key>
			<string>4</string>
			<key>isa</key>
			<string>PBXFileReference</string>
			<key>lastKnownFileType</key>
			<string>sourcecode.c.h</string>
			<key>path</key>
			<string>PWLoginViewController.h</string>
			<key>sourceTree</key>
			<string>&lt;group&gt;</string>
		</dict>
		<key>4380760818E0BB4000A6E8CD</key>
		<dict>
			<key>fileEncoding</key>
			<string>4</string>
			<key>isa</key>
			<string>PBXFileReference</string>
			<key>lastKnownFileType</key>
			<string>sourcecode.c.objc</string>
			<key>path</key>
			<string>PWDiagnosticViewDelegate.m</string>
			<key>sourceTree</key>
			<string>&lt;group&gt;</string>
		</dict>
		<key>4380760918E0BB4000A6E8CD</key>
		<dict>
			<key>fileEncoding</key>
			<string>4</string>
			<key>isa</key>
			<string>PBXFileReference</string>
			<key>lastKnownFileType</key>
			<string>sourcecode.c.h</string>
			<key>path</key>
			<string>PWDiagnosticViewDelegate.h</string>
			<key>sourceTree</key>
			<string>&lt;group&gt;</string>
		</dict>
		<key>4380760A18E0BB4000A6E8CD</key>
		<dict>
			<key>fileEncoding</key>
			<string>4</string>
			<key>isa</key>
			<string>PBXFileReference</string>
			<key>lastKnownFileType</key>
			<string>sourcecode.c.objc</string>
			<key>path</key>
			<string>PWDiagnosticViewController.m</string>
			<key>sourceTree</key>
			<string>&lt;group&gt;</string>
		</dict>
		<key>4380760B18E0BB4000A6E8CD</key>
		<dict>
			<key>fileEncoding</key>
			<string>4</string>
			<key>isa</key>
			<string>PBXFileReference</string>
			<key>lastKnownFileType</key>
			<string>sourcecode.c.h</string>
			<key>path</key>
			<string>PWDiagnosticViewController.h</string>
			<key>sourceTree</key>
			<string>&lt;group&gt;</string>
		</dict>
		<key>4380760C18E0BB4000A6E8CD</key>
		<dict>
			<key>fileEncoding</key>
			<string>4</string>
			<key>isa</key>
			<string>PBXFileReference</string>
			<key>lastKnownFileType</key>
			<string>file.xib</string>
			<key>path</key>
			<string>PWCollaboratorCell.xib</string>
			<key>sourceTree</key>
			<string>&lt;group&gt;</string>
		</dict>
		<key>4380760D18E0BB4000A6E8CD</key>
		<dict>
			<key>fileEncoding</key>
			<string>4</string>
			<key>isa</key>
			<string>PBXFileReference</string>
			<key>lastKnownFileType</key>
			<string>sourcecode.c.objc</string>
			<key>path</key>
			<string>PWCollaboratorCell.m</string>
			<key>sourceTree</key>
			<string>&lt;group&gt;</string>
		</dict>
		<key>4380760E18E0BB4000A6E8CD</key>
		<dict>
			<key>fileEncoding</key>
			<string>4</string>
			<key>isa</key>
			<string>PBXFileReference</string>
			<key>lastKnownFileType</key>
			<string>sourcecode.c.h</string>
			<key>path</key>
			<string>PWCollaboratorCell.h</string>
			<key>sourceTree</key>
			<string>&lt;group&gt;</string>
		</dict>
		<key>4380760F18E0BB4000A6E8CD</key>
		<dict>
			<key>fileEncoding</key>
			<string>4</string>
			<key>isa</key>
			<string>PBXFileReference</string>
			<key>lastKnownFileType</key>
			<string>sourcecode.c.objc</string>
			<key>path</key>
			<string>PWCollaborationViewController.m</string>
			<key>sourceTree</key>
			<string>&lt;group&gt;</string>
		</dict>
		<key>4380761018E0BB4000A6E8CD</key>
		<dict>
			<key>fileEncoding</key>
			<string>4</string>
			<key>isa</key>
			<string>PBXFileReference</string>
			<key>lastKnownFileType</key>
			<string>sourcecode.c.h</string>
			<key>path</key>
			<string>PWCollaborationViewController.h</string>
			<key>sourceTree</key>
			<string>&lt;group&gt;</string>
		</dict>
		<key>4380761118E0BB4000A6E8CD</key>
		<dict>
			<key>fileEncoding</key>
			<string>4</string>
			<key>isa</key>
			<string>PBXFileReference</string>
			<key>lastKnownFileType</key>
			<string>sourcecode.c.objc</string>
			<key>path</key>
			<string>PWAppStateViewController.m</string>
			<key>sourceTree</key>
			<string>&lt;group&gt;</string>
		</dict>
		<key>4380761218E0BB4000A6E8CD</key>
		<dict>
			<key>fileEncoding</key>
			<string>4</string>
			<key>isa</key>
			<string>PBXFileReference</string>
			<key>lastKnownFileType</key>
			<string>sourcecode.c.h</string>
			<key>path</key>
			<string>PWAppStateViewController.h</string>
			<key>sourceTree</key>
			<string>&lt;group&gt;</string>
		</dict>
		<key>4380761318E0BB4000A6E8CD</key>
		<dict>
			<key>fileEncoding</key>
			<string>4</string>
			<key>isa</key>
			<string>PBXFileReference</string>
			<key>lastKnownFileType</key>
			<string>sourcecode.c.objc</string>
			<key>path</key>
			<string>PWAppStateView.m</string>
			<key>sourceTree</key>
			<string>&lt;group&gt;</string>
		</dict>
		<key>4380761418E0BB4000A6E8CD</key>
		<dict>
			<key>fileEncoding</key>
			<string>4</string>
			<key>isa</key>
			<string>PBXFileReference</string>
			<key>lastKnownFileType</key>
			<string>sourcecode.c.h</string>
			<key>path</key>
			<string>PWAppStateView.h</string>
			<key>sourceTree</key>
			<string>&lt;group&gt;</string>
		</dict>
		<key>4380761518E0BB4000A6E8CD</key>
		<dict>
			<key>fileRef</key>
			<string>438075E918E0BB4000A6E8CD</string>
			<key>isa</key>
			<string>PBXBuildFile</string>
		</dict>
		<key>4380761618E0BB4000A6E8CD</key>
		<dict>
			<key>fileRef</key>
			<string>438075EB18E0BB4000A6E8CD</string>
			<key>isa</key>
			<string>PBXBuildFile</string>
		</dict>
		<key>4380761718E0BB4000A6E8CD</key>
		<dict>
			<key>fileRef</key>
			<string>438075ED18E0BB4000A6E8CD</string>
			<key>isa</key>
			<string>PBXBuildFile</string>
		</dict>
		<key>4380761818E0BB4000A6E8CD</key>
		<dict>
			<key>fileRef</key>
			<string>438075EF18E0BB4000A6E8CD</string>
			<key>isa</key>
			<string>PBXBuildFile</string>
		</dict>
		<key>4380761918E0BB4000A6E8CD</key>
		<dict>
			<key>fileRef</key>
			<string>438075F118E0BB4000A6E8CD</string>
			<key>isa</key>
			<string>PBXBuildFile</string>
		</dict>
		<key>4380761A18E0BB4000A6E8CD</key>
		<dict>
			<key>fileRef</key>
			<string>438075F318E0BB4000A6E8CD</string>
			<key>isa</key>
			<string>PBXBuildFile</string>
		</dict>
		<key>4380761B18E0BB4000A6E8CD</key>
		<dict>
			<key>fileRef</key>
			<string>438075F518E0BB4000A6E8CD</string>
			<key>isa</key>
			<string>PBXBuildFile</string>
		</dict>
		<key>4380761C18E0BB4000A6E8CD</key>
		<dict>
			<key>fileRef</key>
			<string>438075F618E0BB4000A6E8CD</string>
			<key>isa</key>
			<string>PBXBuildFile</string>
		</dict>
		<key>4380761D18E0BB4000A6E8CD</key>
		<dict>
			<key>fileRef</key>
			<string>438075F818E0BB4000A6E8CD</string>
			<key>isa</key>
			<string>PBXBuildFile</string>
		</dict>
		<key>4380761E18E0BB4000A6E8CD</key>
		<dict>
			<key>fileRef</key>
			<string>438075FA18E0BB4000A6E8CD</string>
			<key>isa</key>
			<string>PBXBuildFile</string>
		</dict>
		<key>4380761F18E0BB4000A6E8CD</key>
		<dict>
			<key>fileRef</key>
			<string>438075FC18E0BB4000A6E8CD</string>
			<key>isa</key>
			<string>PBXBuildFile</string>
		</dict>
		<key>4380762018E0BB4000A6E8CD</key>
		<dict>
			<key>fileRef</key>
			<string>438075FE18E0BB4000A6E8CD</string>
			<key>isa</key>
			<string>PBXBuildFile</string>
		</dict>
		<key>4380762118E0BB4000A6E8CD</key>
		<dict>
			<key>fileRef</key>
			<string>4380760018E0BB4000A6E8CD</string>
			<key>isa</key>
			<string>PBXBuildFile</string>
		</dict>
		<key>4380762218E0BB4000A6E8CD</key>
		<dict>
			<key>fileRef</key>
			<string>4380760118E0BB4000A6E8CD</string>
			<key>isa</key>
			<string>PBXBuildFile</string>
		</dict>
		<key>4380762318E0BB4000A6E8CD</key>
		<dict>
			<key>fileRef</key>
			<string>4380760318E0BB4000A6E8CD</string>
			<key>isa</key>
			<string>PBXBuildFile</string>
		</dict>
		<key>4380762418E0BB4000A6E8CD</key>
		<dict>
			<key>fileRef</key>
			<string>4380760518E0BB4000A6E8CD</string>
			<key>isa</key>
			<string>PBXBuildFile</string>
		</dict>
		<key>4380762518E0BB4000A6E8CD</key>
		<dict>
			<key>fileRef</key>
			<string>4380760618E0BB4000A6E8CD</string>
			<key>isa</key>
			<string>PBXBuildFile</string>
		</dict>
		<key>4380762618E0BB4000A6E8CD</key>
		<dict>
			<key>fileRef</key>
			<string>4380760818E0BB4000A6E8CD</string>
			<key>isa</key>
			<string>PBXBuildFile</string>
		</dict>
		<key>4380762718E0BB4000A6E8CD</key>
		<dict>
			<key>fileRef</key>
			<string>4380760A18E0BB4000A6E8CD</string>
			<key>isa</key>
			<string>PBXBuildFile</string>
		</dict>
		<key>4380762818E0BB4000A6E8CD</key>
		<dict>
			<key>fileRef</key>
			<string>4380760C18E0BB4000A6E8CD</string>
			<key>isa</key>
			<string>PBXBuildFile</string>
		</dict>
		<key>4380762918E0BB4000A6E8CD</key>
		<dict>
			<key>fileRef</key>
			<string>4380760D18E0BB4000A6E8CD</string>
			<key>isa</key>
			<string>PBXBuildFile</string>
		</dict>
		<key>4380762A18E0BB4000A6E8CD</key>
		<dict>
			<key>fileRef</key>
			<string>4380760F18E0BB4000A6E8CD</string>
			<key>isa</key>
			<string>PBXBuildFile</string>
		</dict>
		<key>4380762B18E0BB4000A6E8CD</key>
		<dict>
			<key>fileRef</key>
			<string>4380761118E0BB4000A6E8CD</string>
			<key>isa</key>
			<string>PBXBuildFile</string>
		</dict>
		<key>4380762C18E0BB4000A6E8CD</key>
		<dict>
			<key>fileRef</key>
			<string>4380761318E0BB4000A6E8CD</string>
			<key>isa</key>
			<string>PBXBuildFile</string>
		</dict>
		<key>4380762D18E0D74000A6E8CD</key>
		<dict>
			<key>isa</key>
			<string>PBXFileReference</string>
			<key>lastKnownFileType</key>
			<string>image.png</string>
			<key>path</key>
			<string>PureWeb_Logo.png</string>
			<key>sourceTree</key>
			<string>&lt;group&gt;</string>
		</dict>
		<key>4380762E18E0D74000A6E8CD</key>
		<dict>
			<key>fileRef</key>
			<string>4380762D18E0D74000A6E8CD</string>
			<key>isa</key>
			<string>PBXBuildFile</string>
		</dict>
		<key>4380763018E1D78300A6E8CD</key>
		<dict>
			<key>isa</key>
			<string>PBXFileReference</string>
			<key>lastKnownFileType</key>
			<string>image.png</string>
			<key>path</key>
			<string>person.png</string>
			<key>sourceTree</key>
			<string>&lt;group&gt;</string>
		</dict>
		<key>4380763218E1D78300A6E8CD</key>
		<dict>
			<key>fileRef</key>
			<string>4380763018E1D78300A6E8CD</string>
			<key>isa</key>
			<string>PBXBuildFile</string>
		</dict>
		<key>4380763318E1DA1500A6E8CD</key>
		<dict>
			<key>isa</key>
			<string>PBXFileReference</string>
			<key>lastKnownFileType</key>
			<string>image.png</string>
			<key>path</key>
			<string>gear.png</string>
			<key>sourceTree</key>
			<string>&lt;group&gt;</string>
		</dict>
		<key>4380763418E1DA1500A6E8CD</key>
		<dict>
			<key>fileRef</key>
			<string>4380763318E1DA1500A6E8CD</string>
			<key>isa</key>
			<string>PBXBuildFile</string>
		</dict>
		<key>4380763518E1DB9F00A6E8CD</key>
		<dict>
			<key>isa</key>
			<string>PBXFileReference</string>
			<key>lastKnownFileType</key>
			<string>image.png</string>
			<key>path</key>
			<string>persons.png</string>
			<key>sourceTree</key>
			<string>&lt;group&gt;</string>
		</dict>
		<key>4380763618E1DB9F00A6E8CD</key>
		<dict>
			<key>fileRef</key>
			<string>4380763518E1DB9F00A6E8CD</string>
			<key>isa</key>
			<string>PBXBuildFile</string>
		</dict>
		<key>4380763B18E1E14500A6E8CD</key>
		<dict>
			<key>isa</key>
			<string>PBXFileReference</string>
			<key>lastKnownFileType</key>
			<string>image.png</string>
			<key>path</key>
			<string>invalidate-persons-small.png</string>
			<key>sourceTree</key>
			<string>&lt;group&gt;</string>
		</dict>
		<key>4380763C18E1E14500A6E8CD</key>
		<dict>
			<key>fileRef</key>
			<string>4380763B18E1E14500A6E8CD</string>
			<key>isa</key>
			<string>PBXBuildFile</string>
		</dict>
		<key>43D7E1C918E9F8DA00A3AF66</key>
		<dict>
			<key>children</key>
			<array>
				<string>43D7E1CA18E9F8FF00A3AF66</string>
				<string>43D7E1CB18E9F8FF00A3AF66</string>
				<string>43D7E1CE18EA059600A3AF66</string>
				<string>43D7E1CF18EA059600A3AF66</string>
			</array>
			<key>isa</key>
			<string>PBXGroup</string>
			<key>name</key>
			<string>Utility</string>
			<key>sourceTree</key>
			<string>&lt;group&gt;</string>
		</dict>
		<key>43D7E1CA18E9F8FF00A3AF66</key>
		<dict>
			<key>fileEncoding</key>
			<string>4</string>
			<key>isa</key>
			<string>PBXFileReference</string>
			<key>lastKnownFileType</key>
			<string>sourcecode.c.h</string>
			<key>path</key>
			<string>DDxServerServicePing.h</string>
			<key>sourceTree</key>
			<string>&lt;group&gt;</string>
		</dict>
		<key>43D7E1CB18E9F8FF00A3AF66</key>
		<dict>
			<key>fileEncoding</key>
			<string>4</string>
			<key>isa</key>
			<string>PBXFileReference</string>
			<key>lastKnownFileType</key>
			<string>sourcecode.c.objc</string>
			<key>path</key>
			<string>DDxServerServicePing.m</string>
			<key>sourceTree</key>
			<string>&lt;group&gt;</string>
		</dict>
		<key>43D7E1CC18E9F8FF00A3AF66</key>
		<dict>
			<key>fileRef</key>
			<string>43D7E1CB18E9F8FF00A3AF66</string>
			<key>isa</key>
			<string>PBXBuildFile</string>
		</dict>
		<key>43D7E1CE18EA059600A3AF66</key>
		<dict>
			<key>fileEncoding</key>
			<string>4</string>
			<key>isa</key>
			<string>PBXFileReference</string>
			<key>lastKnownFileType</key>
			<string>sourcecode.c.h</string>
			<key>path</key>
			<string>DDxRoundtripPing.h</string>
			<key>sourceTree</key>
			<string>&lt;group&gt;</string>
		</dict>
		<key>43D7E1CF18EA059600A3AF66</key>
		<dict>
			<key>fileEncoding</key>
			<string>4</string>
			<key>isa</key>
			<string>PBXFileReference</string>
			<key>lastKnownFileType</key>
			<string>sourcecode.c.objc</string>
			<key>path</key>
			<string>DDxRoundtripPing.m</string>
			<key>sourceTree</key>
			<string>&lt;group&gt;</string>
		</dict>
		<key>43D7E1D018EA059600A3AF66</key>
		<dict>
			<key>fileRef</key>
			<string>43D7E1CF18EA059600A3AF66</string>
			<key>isa</key>
			<string>PBXBuildFile</string>
		</dict>
		<key>446E874AA5AA6EEFE3DE01B2</key>
		<dict>
			<key>includeInIndex</key>
			<string>1</string>
			<key>isa</key>
			<string>PBXFileReference</string>
			<key>lastKnownFileType</key>
			<string>text.xcconfig</string>
			<key>name</key>
			<string>Pods-DDx.debug.xcconfig</string>
			<key>path</key>
			<string>../Pods/Target Support Files/Pods-DDx/Pods-DDx.debug.xcconfig</string>
			<key>sourceTree</key>
			<string>&lt;group&gt;</string>
		</dict>
		<key>6176B737FBCB4BDE8527A167</key>
		<dict>
			<key>fileRef</key>
			<string>F8740A2D9046447A9167E838</string>
			<key>isa</key>
			<string>PBXBuildFile</string>
		</dict>
		<key>83F853C518A3D4E400AD0E5E</key>
		<dict>
			<key>children</key>
			<array>
				<string>83F853D718A3D4E400AD0E5E</string>
				<string>83F853D018A3D4E400AD0E5E</string>
				<string>83F853CF18A3D4E400AD0E5E</string>
				<string>1DBC6F799EB6A570C3E040DC</string>
			</array>
			<key>isa</key>
			<string>PBXGroup</string>
			<key>sourceTree</key>
			<string>&lt;group&gt;</string>
		</dict>
		<key>83F853C618A3D4E400AD0E5E</key>
		<dict>
			<key>attributes</key>
			<dict>
				<key>LastUpgradeCheck</key>
				<string>0500</string>
				<key>ORGANIZATIONNAME</key>
				<string>Calgary Scientific Inc</string>
				<key>TargetAttributes</key>
				<dict>
					<key>83F853F118A3D4E400AD0E5E</key>
					<dict>
						<key>TestTargetID</key>
						<string>83F853CD18A3D4E400AD0E5E</string>
					</dict>
				</dict>
			</dict>
			<key>buildConfigurationList</key>
			<string>83F853C918A3D4E400AD0E5E</string>
			<key>compatibilityVersion</key>
			<string>Xcode 3.2</string>
			<key>developmentRegion</key>
			<string>English</string>
			<key>hasScannedForEncodings</key>
			<string>0</string>
			<key>isa</key>
			<string>PBXProject</string>
			<key>knownRegions</key>
			<array>
				<string>en</string>
				<string>Base</string>
			</array>
			<key>mainGroup</key>
			<string>83F853C518A3D4E400AD0E5E</string>
			<key>productRefGroup</key>
			<string>83F853CF18A3D4E400AD0E5E</string>
			<key>projectDirPath</key>
			<string></string>
			<key>projectReferences</key>
			<array/>
			<key>projectRoot</key>
			<string></string>
			<key>targets</key>
			<array>
				<string>83F853CD18A3D4E400AD0E5E</string>
				<string>83F853F118A3D4E400AD0E5E</string>
			</array>
		</dict>
		<key>83F853C918A3D4E400AD0E5E</key>
		<dict>
			<key>buildConfigurations</key>
			<array>
				<string>83F8540118A3D4E400AD0E5E</string>
				<string>83F8540218A3D4E400AD0E5E</string>
			</array>
			<key>defaultConfigurationIsVisible</key>
			<string>0</string>
			<key>defaultConfigurationName</key>
			<string>Release</string>
			<key>isa</key>
			<string>XCConfigurationList</string>
		</dict>
		<key>83F853CA18A3D4E400AD0E5E</key>
		<dict>
			<key>buildActionMask</key>
			<string>2147483647</string>
			<key>files</key>
			<array>
				<string>43281B0F18F44F1C00D51044</string>
				<string>4380761D18E0BB4000A6E8CD</string>
				<string>4380762B18E0BB4000A6E8CD</string>
				<string>438075A818E0B96A00A6E8CD</string>
				<string>4380761F18E0BB4000A6E8CD</string>
				<string>4380762518E0BB4000A6E8CD</string>
				<string>438075A518E0B96A00A6E8CD</string>
				<string>4380762618E0BB4000A6E8CD</string>
				<string>43D7E1CC18E9F8FF00A3AF66</string>
				<string>4380762C18E0BB4000A6E8CD</string>
				<string>4380761818E0BB4000A6E8CD</string>
				<string>4380761918E0BB4000A6E8CD</string>
				<string>438075AE18E0B96A00A6E8CD</string>
				<string>438075AA18E0B96A00A6E8CD</string>
				<string>43281B1318F44F1C00D51044</string>
				<string>4380762718E0BB4000A6E8CD</string>
				<string>43281B0C18F44F1C00D51044</string>
				<string>4380762018E0BB4000A6E8CD</string>
				<string>4380761518E0BB4000A6E8CD</string>
				<string>4380761E18E0BB4000A6E8CD</string>
				<string>43D7E1D018EA059600A3AF66</string>
				<string>4380762218E0BB4000A6E8CD</string>
				<string>438075B218E0B96A00A6E8CD</string>
				<string>43281B0D18F44F1C00D51044</string>
				<string>4380761A18E0BB4000A6E8CD</string>
				<string>438075B118E0B96A00A6E8CD</string>
				<string>4380762918E0BB4000A6E8CD</string>
				<string>438075AF18E0B96A00A6E8CD</string>
				<string>43281B0E18F44F1C00D51044</string>
				<string>438075AC18E0B96A00A6E8CD</string>
				<string>4380761718E0BB4000A6E8CD</string>
				<string>438075A418E0B96A00A6E8CD</string>
				<string>4380762318E0BB4000A6E8CD</string>
				<string>43281B1018F44F1C00D51044</string>
				<string>438075E118E0BA0800A6E8CD</string>
				<string>4380761C18E0BB4000A6E8CD</string>
				<string>43281B1118F44F1C00D51044</string>
				<string>438075AD18E0B96A00A6E8CD</string>
				<string>4380762A18E0BB4000A6E8CD</string>
				<string>4380761618E0BB4000A6E8CD</string>
			</array>
			<key>isa</key>
			<string>PBXSourcesBuildPhase</string>
			<key>runOnlyForDeploymentPostprocessing</key>
			<string>0</string>
		</dict>
		<key>83F853CB18A3D4E400AD0E5E</key>
		<dict>
			<key>buildActionMask</key>
			<string>2147483647</string>
			<key>files</key>
			<array>
				<string>83F853D418A3D4E400AD0E5E</string>
				<string>83F853D618A3D4E400AD0E5E</string>
				<string>83F853D218A3D4E400AD0E5E</string>
				<string>6176B737FBCB4BDE8527A167</string>
			</array>
			<key>isa</key>
			<string>PBXFrameworksBuildPhase</string>
			<key>runOnlyForDeploymentPostprocessing</key>
			<string>0</string>
		</dict>
		<key>83F853CC18A3D4E400AD0E5E</key>
		<dict>
			<key>buildActionMask</key>
			<string>2147483647</string>
			<key>files</key>
			<array>
				<string>438075E318E0BA0800A6E8CD</string>
				<string>43281B1218F44F1C00D51044</string>
				<string>4380763418E1DA1500A6E8CD</string>
				<string>438075DA18E0BA0800A6E8CD</string>
				<string>438075D018E0BA0800A6E8CD</string>
				<string>438075D818E0BA0800A6E8CD</string>
				<string>4380761B18E0BB4000A6E8CD</string>
				<string>438075D118E0BA0800A6E8CD</string>
				<string>438075D918E0BA0800A6E8CD</string>
				<string>438075D318E0BA0800A6E8CD</string>
				<string>4380762118E0BB4000A6E8CD</string>
				<string>438075DC18E0BA0800A6E8CD</string>
				<string>438075A618E0B96A00A6E8CD</string>
				<string>4380763618E1DB9F00A6E8CD</string>
				<string>438075D618E0BA0800A6E8CD</string>
				<string>438075A718E0B96A00A6E8CD</string>
				<string>438075D718E0BA0800A6E8CD</string>
				<string>438075E518E0BA0800A6E8CD</string>
				<string>43281AF918F44D9300D51044</string>
				<string>438075B318E0B96A00A6E8CD</string>
				<string>438075DD18E0BA0800A6E8CD</string>
				<string>438075DE18E0BA0800A6E8CD</string>
				<string>4380762818E0BB4000A6E8CD</string>
				<string>43281AF818F44D9300D51044</string>
				<string>438075D418E0BA0800A6E8CD</string>
				<string>438075CF18E0BA0800A6E8CD</string>
				<string>438075AB18E0B96A00A6E8CD</string>
				<string>438075A918E0B96A00A6E8CD</string>
				<string>4380763C18E1E14500A6E8CD</string>
				<string>438075E218E0BA0800A6E8CD</string>
				<string>4380762418E0BB4000A6E8CD</string>
				<string>438075E418E0BA0800A6E8CD</string>
				<string>4380762E18E0D74000A6E8CD</string>
				<string>438075DB18E0BA0800A6E8CD</string>
				<string>438075D218E0BA0800A6E8CD</string>
				<string>438075DF18E0BA0800A6E8CD</string>
				<string>438075D518E0BA0800A6E8CD</string>
				<string>438075CE18E0BA0800A6E8CD</string>
				<string>438075B018E0B96A00A6E8CD</string>
				<string>4380763218E1D78300A6E8CD</string>
			</array>
			<key>isa</key>
			<string>PBXResourcesBuildPhase</string>
			<key>runOnlyForDeploymentPostprocessing</key>
			<string>0</string>
		</dict>
		<key>83F853CD18A3D4E400AD0E5E</key>
		<dict>
			<key>buildConfigurationList</key>
			<string>83F8540318A3D4E400AD0E5E</string>
			<key>buildPhases</key>
			<array>
				<string>A9C0148048AC44F3BE115CC6</string>
				<string>83F853CA18A3D4E400AD0E5E</string>
				<string>83F853CB18A3D4E400AD0E5E</string>
				<string>83F853CC18A3D4E400AD0E5E</string>
				<string>B9A976A4E89A47FFB90D5386</string>
			</array>
			<key>buildRules</key>
			<array/>
			<key>dependencies</key>
			<array/>
			<key>isa</key>
			<string>PBXNativeTarget</string>
			<key>name</key>
			<string>DDx</string>
			<key>productName</key>
			<string>DDx</string>
			<key>productReference</key>
			<string>83F853CE18A3D4E400AD0E5E</string>
			<key>productType</key>
			<string>com.apple.product-type.application</string>
		</dict>
		<key>83F853CE18A3D4E400AD0E5E</key>
		<dict>
			<key>explicitFileType</key>
			<string>wrapper.application</string>
			<key>includeInIndex</key>
			<string>0</string>
			<key>isa</key>
			<string>PBXFileReference</string>
			<key>path</key>
			<string>DDx.app</string>
			<key>sourceTree</key>
			<string>BUILT_PRODUCTS_DIR</string>
		</dict>
		<key>83F853CF18A3D4E400AD0E5E</key>
		<dict>
			<key>children</key>
			<array>
				<string>83F853CE18A3D4E400AD0E5E</string>
				<string>83F853F218A3D4E400AD0E5E</string>
			</array>
			<key>isa</key>
			<string>PBXGroup</string>
			<key>name</key>
			<string>Products</string>
			<key>sourceTree</key>
			<string>&lt;group&gt;</string>
		</dict>
		<key>83F853D018A3D4E400AD0E5E</key>
		<dict>
			<key>children</key>
			<array>
				<string>83F853D118A3D4E400AD0E5E</string>
				<string>83F853D318A3D4E400AD0E5E</string>
				<string>83F853D518A3D4E400AD0E5E</string>
				<string>83F853F318A3D4E400AD0E5E</string>
				<string>F8740A2D9046447A9167E838</string>
			</array>
			<key>isa</key>
			<string>PBXGroup</string>
			<key>name</key>
			<string>Frameworks</string>
			<key>sourceTree</key>
			<string>&lt;group&gt;</string>
		</dict>
		<key>83F853D118A3D4E400AD0E5E</key>
		<dict>
			<key>isa</key>
			<string>PBXFileReference</string>
			<key>lastKnownFileType</key>
			<string>wrapper.framework</string>
			<key>name</key>
			<string>Foundation.framework</string>
			<key>path</key>
			<string>System/Library/Frameworks/Foundation.framework</string>
			<key>sourceTree</key>
			<string>SDKROOT</string>
		</dict>
		<key>83F853D218A3D4E400AD0E5E</key>
		<dict>
			<key>fileRef</key>
			<string>83F853D118A3D4E400AD0E5E</string>
			<key>isa</key>
			<string>PBXBuildFile</string>
		</dict>
		<key>83F853D318A3D4E400AD0E5E</key>
		<dict>
			<key>isa</key>
			<string>PBXFileReference</string>
			<key>lastKnownFileType</key>
			<string>wrapper.framework</string>
			<key>name</key>
			<string>CoreGraphics.framework</string>
			<key>path</key>
			<string>System/Library/Frameworks/CoreGraphics.framework</string>
			<key>sourceTree</key>
			<string>SDKROOT</string>
		</dict>
		<key>83F853D418A3D4E400AD0E5E</key>
		<dict>
			<key>fileRef</key>
			<string>83F853D318A3D4E400AD0E5E</string>
			<key>isa</key>
			<string>PBXBuildFile</string>
		</dict>
		<key>83F853D518A3D4E400AD0E5E</key>
		<dict>
			<key>isa</key>
			<string>PBXFileReference</string>
			<key>lastKnownFileType</key>
			<string>wrapper.framework</string>
			<key>name</key>
			<string>UIKit.framework</string>
			<key>path</key>
			<string>System/Library/Frameworks/UIKit.framework</string>
			<key>sourceTree</key>
			<string>SDKROOT</string>
		</dict>
		<key>83F853D618A3D4E400AD0E5E</key>
		<dict>
			<key>fileRef</key>
			<string>83F853D518A3D4E400AD0E5E</string>
			<key>isa</key>
			<string>PBXBuildFile</string>
		</dict>
		<key>83F853D718A3D4E400AD0E5E</key>
		<dict>
			<key>children</key>
			<array>
				<string>43281AFA18F44F1C00D51044</string>
				<string>43281AF318F44D3000D51044</string>
				<string>43D7E1C918E9F8DA00A3AF66</string>
				<string>438075E818E0BAD900A6E8CD</string>
				<string>438075E718E0BA1B00A6E8CD</string>
				<string>4380758918E0B96A00A6E8CD</string>
				<string>4380758A18E0B96A00A6E8CD</string>
				<string>4380758B18E0B96A00A6E8CD</string>
				<string>4380758C18E0B96A00A6E8CD</string>
				<string>4380758D18E0B96A00A6E8CD</string>
				<string>4380758E18E0B96A00A6E8CD</string>
				<string>4380758F18E0B96A00A6E8CD</string>
				<string>4380759018E0B96A00A6E8CD</string>
				<string>4380759118E0B96A00A6E8CD</string>
				<string>4380759218E0B96A00A6E8CD</string>
				<string>4380759318E0B96A00A6E8CD</string>
				<string>4380759418E0B96A00A6E8CD</string>
				<string>4380759518E0B96A00A6E8CD</string>
				<string>4380759618E0B96A00A6E8CD</string>
				<string>4380759718E0B96A00A6E8CD</string>
				<string>4380759818E0B96A00A6E8CD</string>
				<string>4380759918E0B96A00A6E8CD</string>
				<string>4380759A18E0B96A00A6E8CD</string>
				<string>4380759B18E0B96A00A6E8CD</string>
				<string>4380759C18E0B96A00A6E8CD</string>
				<string>4380759D18E0B96A00A6E8CD</string>
				<string>4380759E18E0B96A00A6E8CD</string>
				<string>4380759F18E0B96A00A6E8CD</string>
				<string>438075A018E0B96A00A6E8CD</string>
				<string>438075A118E0B96A00A6E8CD</string>
				<string>438075A218E0B96A00A6E8CD</string>
				<string>438075A318E0B96A00A6E8CD</string>
			</array>
			<key>isa</key>
			<string>PBXGroup</string>
			<key>path</key>
			<string>DDx</string>
			<key>sourceTree</key>
			<string>&lt;group&gt;</string>
		</dict>
		<key>83F853EE18A3D4E400AD0E5E</key>
		<dict>
			<key>buildActionMask</key>
			<string>2147483647</string>
			<key>files</key>
			<array/>
			<key>isa</key>
			<string>PBXSourcesBuildPhase</string>
			<key>runOnlyForDeploymentPostprocessing</key>
			<string>0</string>
		</dict>
		<key>83F853EF18A3D4E400AD0E5E</key>
		<dict>
			<key>buildActionMask</key>
			<string>2147483647</string>
			<key>files</key>
			<array>
				<string>83F853F418A3D4E400AD0E5E</string>
				<string>83F853F618A3D4E400AD0E5E</string>
				<string>83F853F518A3D4E400AD0E5E</string>
			</array>
			<key>isa</key>
			<string>PBXFrameworksBuildPhase</string>
			<key>runOnlyForDeploymentPostprocessing</key>
			<string>0</string>
		</dict>
		<key>83F853F018A3D4E400AD0E5E</key>
		<dict>
			<key>buildActionMask</key>
			<string>2147483647</string>
			<key>files</key>
			<array/>
			<key>isa</key>
			<string>PBXResourcesBuildPhase</string>
			<key>runOnlyForDeploymentPostprocessing</key>
			<string>0</string>
		</dict>
		<key>83F853F118A3D4E400AD0E5E</key>
		<dict>
			<key>buildConfigurationList</key>
			<string>83F8540618A3D4E400AD0E5E</string>
			<key>buildPhases</key>
			<array>
				<string>83F853EE18A3D4E400AD0E5E</string>
				<string>83F853EF18A3D4E400AD0E5E</string>
				<string>83F853F018A3D4E400AD0E5E</string>
			</array>
			<key>buildRules</key>
			<array/>
			<key>dependencies</key>
			<array>
				<string>83F853F818A3D4E400AD0E5E</string>
			</array>
			<key>isa</key>
			<string>PBXNativeTarget</string>
			<key>name</key>
			<string>DDxTests</string>
			<key>productName</key>
			<string>DDxTests</string>
			<key>productReference</key>
			<string>83F853F218A3D4E400AD0E5E</string>
			<key>productType</key>
			<string>com.apple.product-type.bundle.unit-test</string>
		</dict>
		<key>83F853F218A3D4E400AD0E5E</key>
		<dict>
			<key>explicitFileType</key>
			<string>wrapper.cfbundle</string>
			<key>includeInIndex</key>
			<string>0</string>
			<key>isa</key>
			<string>PBXFileReference</string>
			<key>path</key>
			<string>DDxTests.xctest</string>
			<key>sourceTree</key>
			<string>BUILT_PRODUCTS_DIR</string>
		</dict>
		<key>83F853F318A3D4E400AD0E5E</key>
		<dict>
			<key>isa</key>
			<string>PBXFileReference</string>
			<key>lastKnownFileType</key>
			<string>wrapper.framework</string>
			<key>name</key>
			<string>XCTest.framework</string>
			<key>path</key>
			<string>Library/Frameworks/XCTest.framework</string>
			<key>sourceTree</key>
			<string>DEVELOPER_DIR</string>
		</dict>
		<key>83F853F418A3D4E400AD0E5E</key>
		<dict>
			<key>fileRef</key>
			<string>83F853F318A3D4E400AD0E5E</string>
			<key>isa</key>
			<string>PBXBuildFile</string>
		</dict>
		<key>83F853F518A3D4E400AD0E5E</key>
		<dict>
			<key>fileRef</key>
			<string>83F853D118A3D4E400AD0E5E</string>
			<key>isa</key>
			<string>PBXBuildFile</string>
		</dict>
		<key>83F853F618A3D4E400AD0E5E</key>
		<dict>
			<key>fileRef</key>
			<string>83F853D518A3D4E400AD0E5E</string>
			<key>isa</key>
			<string>PBXBuildFile</string>
		</dict>
		<key>83F853F718A3D4E400AD0E5E</key>
		<dict>
			<key>containerPortal</key>
			<string>83F853C618A3D4E400AD0E5E</string>
			<key>isa</key>
			<string>PBXContainerItemProxy</string>
			<key>proxyType</key>
			<string>1</string>
			<key>remoteGlobalIDString</key>
			<string>83F853CD18A3D4E400AD0E5E</string>
			<key>remoteInfo</key>
			<string>DDx</string>
		</dict>
		<key>83F853F818A3D4E400AD0E5E</key>
		<dict>
			<key>isa</key>
			<string>PBXTargetDependency</string>
			<key>target</key>
			<string>83F853CD18A3D4E400AD0E5E</string>
			<key>targetProxy</key>
			<string>83F853F718A3D4E400AD0E5E</string>
		</dict>
		<key>83F8540118A3D4E400AD0E5E</key>
		<dict>
			<key>buildSettings</key>
			<dict>
				<key>ALWAYS_SEARCH_USER_PATHS</key>
				<string>NO</string>
				<key>ARCHS</key>
				<string>$(ARCHS_STANDARD_INCLUDING_64_BIT)</string>
				<key>CLANG_CXX_LANGUAGE_STANDARD</key>
				<string>gnu++0x</string>
				<key>CLANG_CXX_LIBRARY</key>
				<string>libc++</string>
				<key>CLANG_ENABLE_MODULES</key>
				<string>YES</string>
				<key>CLANG_ENABLE_OBJC_ARC</key>
				<string>YES</string>
				<key>CLANG_WARN_BOOL_CONVERSION</key>
				<string>YES</string>
				<key>CLANG_WARN_CONSTANT_CONVERSION</key>
				<string>YES</string>
				<key>CLANG_WARN_DIRECT_OBJC_ISA_USAGE</key>
				<string>YES_ERROR</string>
				<key>CLANG_WARN_EMPTY_BODY</key>
				<string>YES</string>
				<key>CLANG_WARN_ENUM_CONVERSION</key>
				<string>YES</string>
				<key>CLANG_WARN_INT_CONVERSION</key>
				<string>YES</string>
				<key>CLANG_WARN_OBJC_ROOT_CLASS</key>
				<string>YES_ERROR</string>
				<key>CLANG_WARN__DUPLICATE_METHOD_MATCH</key>
				<string>YES</string>
				<key>CODE_SIGN_IDENTITY[sdk=iphoneos*]</key>
				<string>iPhone Developer</string>
				<key>COPY_PHASE_STRIP</key>
				<string>NO</string>
				<key>GCC_C_LANGUAGE_STANDARD</key>
				<string>gnu99</string>
				<key>GCC_DYNAMIC_NO_PIC</key>
				<string>NO</string>
				<key>GCC_OPTIMIZATION_LEVEL</key>
				<string>0</string>
				<key>GCC_PREPROCESSOR_DEFINITIONS</key>
				<array>
					<string>DEBUG=1</string>
					<string>$(inherited)</string>
				</array>
				<key>GCC_SYMBOLS_PRIVATE_EXTERN</key>
				<string>NO</string>
				<key>GCC_WARN_64_TO_32_BIT_CONVERSION</key>
				<string>YES</string>
				<key>GCC_WARN_ABOUT_RETURN_TYPE</key>
				<string>YES_ERROR</string>
				<key>GCC_WARN_UNDECLARED_SELECTOR</key>
				<string>YES</string>
				<key>GCC_WARN_UNINITIALIZED_AUTOS</key>
				<string>YES</string>
				<key>GCC_WARN_UNUSED_FUNCTION</key>
				<string>YES</string>
				<key>GCC_WARN_UNUSED_VARIABLE</key>
				<string>YES</string>
				<key>IPHONEOS_DEPLOYMENT_TARGET</key>
				<string>7.0</string>
				<key>ONLY_ACTIVE_ARCH</key>
				<string>YES</string>
				<key>SDKROOT</key>
				<string>iphoneos</string>
				<key>TARGETED_DEVICE_FAMILY</key>
				<string>1,2</string>
			</dict>
			<key>isa</key>
			<string>XCBuildConfiguration</string>
			<key>name</key>
			<string>Debug</string>
		</dict>
		<key>83F8540218A3D4E400AD0E5E</key>
		<dict>
			<key>buildSettings</key>
			<dict>
				<key>ALWAYS_SEARCH_USER_PATHS</key>
				<string>NO</string>
				<key>ARCHS</key>
				<string>$(ARCHS_STANDARD_INCLUDING_64_BIT)</string>
				<key>CLANG_CXX_LANGUAGE_STANDARD</key>
				<string>gnu++0x</string>
				<key>CLANG_CXX_LIBRARY</key>
				<string>libc++</string>
				<key>CLANG_ENABLE_MODULES</key>
				<string>YES</string>
				<key>CLANG_ENABLE_OBJC_ARC</key>
				<string>YES</string>
				<key>CLANG_WARN_BOOL_CONVERSION</key>
				<string>YES</string>
				<key>CLANG_WARN_CONSTANT_CONVERSION</key>
				<string>YES</string>
				<key>CLANG_WARN_DIRECT_OBJC_ISA_USAGE</key>
				<string>YES_ERROR</string>
				<key>CLANG_WARN_EMPTY_BODY</key>
				<string>YES</string>
				<key>CLANG_WARN_ENUM_CONVERSION</key>
				<string>YES</string>
				<key>CLANG_WARN_INT_CONVERSION</key>
				<string>YES</string>
				<key>CLANG_WARN_OBJC_ROOT_CLASS</key>
				<string>YES_ERROR</string>
				<key>CLANG_WARN__DUPLICATE_METHOD_MATCH</key>
				<string>YES</string>
				<key>CODE_SIGN_IDENTITY[sdk=iphoneos*]</key>
				<string>iPhone Developer</string>
				<key>COPY_PHASE_STRIP</key>
				<string>YES</string>
				<key>ENABLE_NS_ASSERTIONS</key>
				<string>NO</string>
				<key>GCC_C_LANGUAGE_STANDARD</key>
				<string>gnu99</string>
				<key>GCC_WARN_64_TO_32_BIT_CONVERSION</key>
				<string>YES</string>
				<key>GCC_WARN_ABOUT_RETURN_TYPE</key>
				<string>YES_ERROR</string>
				<key>GCC_WARN_UNDECLARED_SELECTOR</key>
				<string>YES</string>
				<key>GCC_WARN_UNINITIALIZED_AUTOS</key>
				<string>YES</string>
				<key>GCC_WARN_UNUSED_FUNCTION</key>
				<string>YES</string>
				<key>GCC_WARN_UNUSED_VARIABLE</key>
				<string>YES</string>
				<key>IPHONEOS_DEPLOYMENT_TARGET</key>
				<string>7.0</string>
				<key>SDKROOT</key>
				<string>iphoneos</string>
				<key>TARGETED_DEVICE_FAMILY</key>
				<string>1,2</string>
				<key>VALIDATE_PRODUCT</key>
				<string>YES</string>
			</dict>
			<key>isa</key>
			<string>XCBuildConfiguration</string>
			<key>name</key>
			<string>Release</string>
		</dict>
		<key>83F8540318A3D4E400AD0E5E</key>
		<dict>
			<key>buildConfigurations</key>
			<array>
				<string>83F8540418A3D4E400AD0E5E</string>
				<string>83F8540518A3D4E400AD0E5E</string>
			</array>
			<key>defaultConfigurationIsVisible</key>
			<string>0</string>
			<key>defaultConfigurationName</key>
			<string>Release</string>
			<key>isa</key>
			<string>XCConfigurationList</string>
		</dict>
		<key>83F8540418A3D4E400AD0E5E</key>
		<dict>
			<key>baseConfigurationReference</key>
			<string>446E874AA5AA6EEFE3DE01B2</string>
			<key>buildSettings</key>
			<dict>
				<key>ASSETCATALOG_COMPILER_APPICON_NAME</key>
				<string>AppIcon</string>
				<key>ASSETCATALOG_COMPILER_LAUNCHIMAGE_NAME</key>
				<string>LaunchImage</string>
				<key>GCC_PRECOMPILE_PREFIX_HEADER</key>
				<string>YES</string>
				<key>GCC_PREFIX_HEADER</key>
				<string>DDx/DDx-Prefix.pch</string>
				<key>INFOPLIST_FILE</key>
				<string>DDx/DDx-Info.plist</string>
				<key>PRODUCT_NAME</key>
				<string>$(TARGET_NAME)</string>
				<key>WRAPPER_EXTENSION</key>
				<string>app</string>
			</dict>
			<key>isa</key>
			<string>XCBuildConfiguration</string>
			<key>name</key>
			<string>Debug</string>
		</dict>
		<key>83F8540518A3D4E400AD0E5E</key>
		<dict>
			<key>baseConfigurationReference</key>
			<string>A580FB9879CDF93F73590C60</string>
			<key>buildSettings</key>
			<dict>
				<key>ASSETCATALOG_COMPILER_APPICON_NAME</key>
				<string>AppIcon</string>
				<key>ASSETCATALOG_COMPILER_LAUNCHIMAGE_NAME</key>
				<string>LaunchImage</string>
				<key>GCC_PRECOMPILE_PREFIX_HEADER</key>
				<string>YES</string>
				<key>GCC_PREFIX_HEADER</key>
				<string>DDx/DDx-Prefix.pch</string>
				<key>INFOPLIST_FILE</key>
				<string>DDx/DDx-Info.plist</string>
				<key>PRODUCT_NAME</key>
				<string>$(TARGET_NAME)</string>
				<key>WRAPPER_EXTENSION</key>
				<string>app</string>
			</dict>
			<key>isa</key>
			<string>XCBuildConfiguration</string>
			<key>name</key>
			<string>Release</string>
		</dict>
		<key>83F8540618A3D4E400AD0E5E</key>
		<dict>
			<key>buildConfigurations</key>
			<array>
				<string>83F8540718A3D4E400AD0E5E</string>
				<string>83F8540818A3D4E400AD0E5E</string>
			</array>
			<key>defaultConfigurationIsVisible</key>
			<string>0</string>
			<key>defaultConfigurationName</key>
			<string>Release</string>
			<key>isa</key>
			<string>XCConfigurationList</string>
		</dict>
		<key>83F8540718A3D4E400AD0E5E</key>
		<dict>
			<key>buildSettings</key>
			<dict>
				<key>ARCHS</key>
				<string>$(ARCHS_STANDARD_INCLUDING_64_BIT)</string>
				<key>BUNDLE_LOADER</key>
				<string>$(BUILT_PRODUCTS_DIR)/DDx.app/DDx</string>
				<key>FRAMEWORK_SEARCH_PATHS</key>
				<array>
					<string>$(SDKROOT)/Developer/Library/Frameworks</string>
					<string>$(inherited)</string>
					<string>$(DEVELOPER_FRAMEWORKS_DIR)</string>
				</array>
				<key>GCC_PRECOMPILE_PREFIX_HEADER</key>
				<string>YES</string>
				<key>GCC_PREFIX_HEADER</key>
				<string>DDx/DDx-Prefix.pch</string>
				<key>GCC_PREPROCESSOR_DEFINITIONS</key>
				<array>
					<string>DEBUG=1</string>
					<string>$(inherited)</string>
				</array>
				<key>INFOPLIST_FILE</key>
				<string>DDxTests/DDxTests-Info.plist</string>
				<key>PRODUCT_NAME</key>
				<string>$(TARGET_NAME)</string>
				<key>TEST_HOST</key>
				<string>$(BUNDLE_LOADER)</string>
				<key>WRAPPER_EXTENSION</key>
				<string>xctest</string>
			</dict>
			<key>isa</key>
			<string>XCBuildConfiguration</string>
			<key>name</key>
			<string>Debug</string>
		</dict>
		<key>83F8540818A3D4E400AD0E5E</key>
		<dict>
			<key>buildSettings</key>
			<dict>
				<key>ARCHS</key>
				<string>$(ARCHS_STANDARD_INCLUDING_64_BIT)</string>
				<key>BUNDLE_LOADER</key>
				<string>$(BUILT_PRODUCTS_DIR)/DDx.app/DDx</string>
				<key>FRAMEWORK_SEARCH_PATHS</key>
				<array>
					<string>$(SDKROOT)/Developer/Library/Frameworks</string>
					<string>$(inherited)</string>
					<string>$(DEVELOPER_FRAMEWORKS_DIR)</string>
				</array>
				<key>GCC_PRECOMPILE_PREFIX_HEADER</key>
				<string>YES</string>
				<key>GCC_PREFIX_HEADER</key>
				<string>DDx/DDx-Prefix.pch</string>
				<key>INFOPLIST_FILE</key>
				<string>DDxTests/DDxTests-Info.plist</string>
				<key>PRODUCT_NAME</key>
				<string>$(TARGET_NAME)</string>
				<key>TEST_HOST</key>
				<string>$(BUNDLE_LOADER)</string>
				<key>WRAPPER_EXTENSION</key>
				<string>xctest</string>
			</dict>
			<key>isa</key>
			<string>XCBuildConfiguration</string>
			<key>name</key>
			<string>Release</string>
		</dict>
		<key>A580FB9879CDF93F73590C60</key>
		<dict>
			<key>includeInIndex</key>
			<string>1</string>
			<key>isa</key>
			<string>PBXFileReference</string>
			<key>lastKnownFileType</key>
			<string>text.xcconfig</string>
			<key>name</key>
			<string>Pods-DDx.release.xcconfig</string>
			<key>path</key>
			<string>../Pods/Target Support Files/Pods-DDx/Pods-DDx.release.xcconfig</string>
			<key>sourceTree</key>
			<string>&lt;group&gt;</string>
		</dict>
		<key>A9C0148048AC44F3BE115CC6</key>
		<dict>
			<key>buildActionMask</key>
			<string>2147483647</string>
			<key>files</key>
			<array/>
			<key>inputPaths</key>
			<array/>
			<key>isa</key>
			<string>PBXShellScriptBuildPhase</string>
			<key>name</key>
			<string>Check Pods Manifest.lock</string>
			<key>outputPaths</key>
			<array/>
			<key>runOnlyForDeploymentPostprocessing</key>
			<string>0</string>
			<key>shellPath</key>
			<string>/bin/sh</string>
			<key>shellScript</key>
			<string>diff "${PODS_ROOT}/../Podfile.lock" "${PODS_ROOT}/Manifest.lock" &gt; /dev/null
if [[ $? != 0 ]] ; then
    cat &lt;&lt; EOM
error: The sandbox is not in sync with the Podfile.lock. Run 'pod install' or update your CocoaPods installation.
EOM
    exit 1
fi
</string>
			<key>showEnvVarsInLog</key>
			<string>0</string>
		</dict>
		<key>B9A976A4E89A47FFB90D5386</key>
		<dict>
			<key>buildActionMask</key>
			<string>2147483647</string>
			<key>files</key>
			<array/>
			<key>inputPaths</key>
			<array/>
			<key>isa</key>
			<string>PBXShellScriptBuildPhase</string>
			<key>name</key>
			<string>Copy Pods Resources</string>
			<key>outputPaths</key>
			<array/>
			<key>runOnlyForDeploymentPostprocessing</key>
			<string>0</string>
			<key>shellPath</key>
			<string>/bin/sh</string>
			<key>shellScript</key>
			<string>"${SRCROOT}/../Pods/Target Support Files/Pods-DDx/Pods-DDx-resources.sh"
</string>
			<key>showEnvVarsInLog</key>
			<string>0</string>
		</dict>
		<key>F8740A2D9046447A9167E838</key>
		<dict>
			<key>explicitFileType</key>
			<string>archive.ar</string>
			<key>includeInIndex</key>
			<string>0</string>
			<key>isa</key>
			<string>PBXFileReference</string>
			<key>path</key>
			<string>libPods-DDx.a</string>
			<key>sourceTree</key>
			<string>BUILT_PRODUCTS_DIR</string>
		</dict>
	</dict>
	<key>rootObject</key>
	<string>83F853C618A3D4E400AD0E5E</string>
</dict>
</plist>
