// !$*UTF8*$!
{
	archiveVersion = 1;
	classes = {
	};
	objectVersion = 46;
	objects = {

/* Begin PBXBuildFile section */
		027191BC1C68F556001E25A4 /* ColorViewController.swift in Sources */ = {isa = PBXBuildFile; fileRef = 027191BB1C68F556001E25A4 /* ColorViewController.swift */; };
		027191BE1C692D3D001E25A4 /* UIColor+HighlightColor.swift in Sources */ = {isa = PBXBuildFile; fileRef = 027191BD1C692D3D001E25A4 /* UIColor+HighlightColor.swift */; };
		02A96BC11C46F45D00E81807 /* LaunchScreen.storyboard in Resources */ = {isa = PBXBuildFile; fileRef = 02A96BC01C46F45D00E81807 /* LaunchScreen.storyboard */; };
		0D447874FAC3C27DC24A7667 /* Pods_Scribble.framework in Frameworks */ = {isa = PBXBuildFile; fileRef = F30157430949A8DD6615265F /* Pods_Scribble.framework */; };
		4380755018E0A12700A6E8CD /* NSURL+URLHelpers.m in Sources */ = {isa = PBXBuildFile; fileRef = 4380754F18E0A12700A6E8CD /* NSURL+URLHelpers.m */; };
		438F8FCE18DB8B3B0088C577 /* AppStateViewController.m in Sources */ = {isa = PBXBuildFile; fileRef = 438F8FC018DB8B3B0088C577 /* AppStateViewController.m */; };
		438F8FCF18DB8B3B0088C577 /* DiagnosticsViewController.m in Sources */ = {isa = PBXBuildFile; fileRef = 438F8FC218DB8B3B0088C577 /* DiagnosticsViewController.m */; };
		438F8FD018DB8B3B0088C577 /* DiagnosticViewDelegate.m in Sources */ = {isa = PBXBuildFile; fileRef = 438F8FC418DB8B3B0088C577 /* DiagnosticViewDelegate.m */; };
		438F8FD118DB8B3B0088C577 /* LoginViewController.m in Sources */ = {isa = PBXBuildFile; fileRef = 438F8FC618DB8B3B0088C577 /* LoginViewController.m */; };
		438F8FD218DB8B3B0088C577 /* OptionsViewController.m in Sources */ = {isa = PBXBuildFile; fileRef = 438F8FC818DB8B3B0088C577 /* OptionsViewController.m */; };
		438F8FD318DB8B3B0088C577 /* Images.xcassets in Resources */ = {isa = PBXBuildFile; fileRef = 438F8FCB18DB8B3B0088C577 /* Images.xcassets */; };
		438F8FD418DB8B3B0088C577 /* TraceViewController.m in Sources */ = {isa = PBXBuildFile; fileRef = 438F8FCD18DB8B3B0088C577 /* TraceViewController.m */; };
		43EEED5918CE524200159074 /* AppDelegate.m in Sources */ = {isa = PBXBuildFile; fileRef = 43EEED5618CE524200159074 /* AppDelegate.m */; };
		43EEED5D18CE524200159074 /* Main.storyboard in Resources */ = {isa = PBXBuildFile; fileRef = 43EEED5818CE524200159074 /* Main.storyboard */; };
		43EEED6218CE52AE00159074 /* MasterViewController.m in Sources */ = {isa = PBXBuildFile; fileRef = 43EEED6118CE52AE00159074 /* MasterViewController.m */; };
		43EEED6818CE52C900159074 /* ScribbleViewController.m in Sources */ = {isa = PBXBuildFile; fileRef = 43EEED6518CE52C900159074 /* ScribbleViewController.m */; };
		43EEED6A18CE52C900159074 /* ScribbleViewController+MFMailComposeViewControllerDelegate.m in Sources */ = {isa = PBXBuildFile; fileRef = 43EEED6718CE52C900159074 /* ScribbleViewController+MFMailComposeViewControllerDelegate.m */; };
		43EEED9C18CE53A200159074 /* Settings.bundle in Resources */ = {isa = PBXBuildFile; fileRef = 43EEED9B18CE53A200159074 /* Settings.bundle */; };
		43EEEDA518CE53B900159074 /* Bubble_Icon.png in Resources */ = {isa = PBXBuildFile; fileRef = 43EEED9F18CE53B900159074 /* Bubble_Icon.png */; };
		43EEEDA718CE53B900159074 /* Bubble_Icon@2x.png in Resources */ = {isa = PBXBuildFile; fileRef = 43EEEDA018CE53B900159074 /* Bubble_Icon@2x.png */; };
		43EEEDA918CE53B900159074 /* Files_Icon.png in Resources */ = {isa = PBXBuildFile; fileRef = 43EEEDA118CE53B900159074 /* Files_Icon.png */; };
		43EEEDAB18CE53B900159074 /* Gear_Icon@2x.png in Resources */ = {isa = PBXBuildFile; fileRef = 43EEEDA218CE53B900159074 /* Gear_Icon@2x.png */; };
		43EEEDAD18CE53B900159074 /* Gear_Icon.png in Resources */ = {isa = PBXBuildFile; fileRef = 43EEEDA318CE53B900159074 /* Gear_Icon.png */; };
		43EEEDAF18CE53B900159074 /* PureWeb_Logo.png in Resources */ = {isa = PBXBuildFile; fileRef = 43EEEDA418CE53B900159074 /* PureWeb_Logo.png */; };
		83F8534A18A3D4AF00AD0E5E /* Foundation.framework in Frameworks */ = {isa = PBXBuildFile; fileRef = 83F8534918A3D4AF00AD0E5E /* Foundation.framework */; };
		83F8534C18A3D4AF00AD0E5E /* CoreGraphics.framework in Frameworks */ = {isa = PBXBuildFile; fileRef = 83F8534B18A3D4AF00AD0E5E /* CoreGraphics.framework */; };
		83F8534E18A3D4AF00AD0E5E /* UIKit.framework in Frameworks */ = {isa = PBXBuildFile; fileRef = 83F8534D18A3D4AF00AD0E5E /* UIKit.framework */; };
		83F8535418A3D4AF00AD0E5E /* InfoPlist.strings in Resources */ = {isa = PBXBuildFile; fileRef = 83F8535218A3D4AF00AD0E5E /* InfoPlist.strings */; };
		83F8535618A3D4AF00AD0E5E /* main.m in Sources */ = {isa = PBXBuildFile; fileRef = 83F8535518A3D4AF00AD0E5E /* main.m */; };
/* End PBXBuildFile section */

/* Begin PBXFileReference section */
		027191BB1C68F556001E25A4 /* ColorViewController.swift */ = {isa = PBXFileReference; fileEncoding = 4; lastKnownFileType = sourcecode.swift; path = ColorViewController.swift; sourceTree = "<group>"; };
		027191BD1C692D3D001E25A4 /* UIColor+HighlightColor.swift */ = {isa = PBXFileReference; fileEncoding = 4; lastKnownFileType = sourcecode.swift; path = "UIColor+HighlightColor.swift"; sourceTree = "<group>"; };
		0285B2161C4FFB8C00B1B710 /* Scribble-Bridging-Header.h */ = {isa = PBXFileReference; lastKnownFileType = sourcecode.c.h; path = "Scribble-Bridging-Header.h"; sourceTree = "<group>"; };
		02A96BC01C46F45D00E81807 /* LaunchScreen.storyboard */ = {isa = PBXFileReference; fileEncoding = 4; lastKnownFileType = file.storyboard; name = LaunchScreen.storyboard; path = ../LaunchScreen.storyboard; sourceTree = "<group>"; };
		2368E2A510F5B94B68894383 /* Pods-Scribble.release.xcconfig */ = {isa = PBXFileReference; includeInIndex = 1; lastKnownFileType = text.xcconfig; name = "Pods-Scribble.release.xcconfig"; path = "../Pods/Target Support Files/Pods-Scribble/Pods-Scribble.release.xcconfig"; sourceTree = "<group>"; };
		4380754E18E0A12700A6E8CD /* NSURL+URLHelpers.h */ = {isa = PBXFileReference; fileEncoding = 4; lastKnownFileType = sourcecode.c.h; path = "NSURL+URLHelpers.h"; sourceTree = "<group>"; };
		4380754F18E0A12700A6E8CD /* NSURL+URLHelpers.m */ = {isa = PBXFileReference; fileEncoding = 4; lastKnownFileType = sourcecode.c.objc; path = "NSURL+URLHelpers.m"; sourceTree = "<group>"; };
		438F8FBF18DB8B3B0088C577 /* AppStateViewController.h */ = {isa = PBXFileReference; fileEncoding = 4; lastKnownFileType = sourcecode.c.h; path = AppStateViewController.h; sourceTree = "<group>"; };
		438F8FC018DB8B3B0088C577 /* AppStateViewController.m */ = {isa = PBXFileReference; fileEncoding = 4; lastKnownFileType = sourcecode.c.objc; path = AppStateViewController.m; sourceTree = "<group>"; };
		438F8FC118DB8B3B0088C577 /* DiagnosticsViewController.h */ = {isa = PBXFileReference; fileEncoding = 4; lastKnownFileType = sourcecode.c.h; path = DiagnosticsViewController.h; sourceTree = "<group>"; };
		438F8FC218DB8B3B0088C577 /* DiagnosticsViewController.m */ = {isa = PBXFileReference; fileEncoding = 4; lastKnownFileType = sourcecode.c.objc; path = DiagnosticsViewController.m; sourceTree = "<group>"; };
		438F8FC318DB8B3B0088C577 /* DiagnosticViewDelegate.h */ = {isa = PBXFileReference; fileEncoding = 4; lastKnownFileType = sourcecode.c.h; path = DiagnosticViewDelegate.h; sourceTree = "<group>"; };
		438F8FC418DB8B3B0088C577 /* DiagnosticViewDelegate.m */ = {isa = PBXFileReference; fileEncoding = 4; lastKnownFileType = sourcecode.c.objc; path = DiagnosticViewDelegate.m; sourceTree = "<group>"; };
		438F8FC518DB8B3B0088C577 /* LoginViewController.h */ = {isa = PBXFileReference; fileEncoding = 4; lastKnownFileType = sourcecode.c.h; path = LoginViewController.h; sourceTree = "<group>"; };
		438F8FC618DB8B3B0088C577 /* LoginViewController.m */ = {isa = PBXFileReference; fileEncoding = 4; lastKnownFileType = sourcecode.c.objc; path = LoginViewController.m; sourceTree = "<group>"; };
		438F8FC718DB8B3B0088C577 /* OptionsViewController.h */ = {isa = PBXFileReference; fileEncoding = 4; lastKnownFileType = sourcecode.c.h; path = OptionsViewController.h; sourceTree = "<group>"; };
		438F8FC818DB8B3B0088C577 /* OptionsViewController.m */ = {isa = PBXFileReference; fileEncoding = 4; lastKnownFileType = sourcecode.c.objc; path = OptionsViewController.m; sourceTree = "<group>"; };
		438F8FC918DB8B3B0088C577 /* PureWebUI-Prefix.pch */ = {isa = PBXFileReference; fileEncoding = 4; lastKnownFileType = sourcecode.c.h; path = "PureWebUI-Prefix.pch"; sourceTree = "<group>"; };
		438F8FCB18DB8B3B0088C577 /* Images.xcassets */ = {isa = PBXFileReference; lastKnownFileType = folder.assetcatalog; path = Images.xcassets; sourceTree = "<group>"; };
		438F8FCC18DB8B3B0088C577 /* TraceViewController.h */ = {isa = PBXFileReference; fileEncoding = 4; lastKnownFileType = sourcecode.c.h; path = TraceViewController.h; sourceTree = "<group>"; };
		438F8FCD18DB8B3B0088C577 /* TraceViewController.m */ = {isa = PBXFileReference; fileEncoding = 4; lastKnownFileType = sourcecode.c.objc; path = TraceViewController.m; sourceTree = "<group>"; };
		43B7A0EF18CE58A600B817C8 /* Scribble-Info.plist */ = {isa = PBXFileReference; fileEncoding = 4; lastKnownFileType = text.plist.xml; path = "Scribble-Info.plist"; sourceTree = "<group>"; };
		43EEED5518CE524200159074 /* AppDelegate.h */ = {isa = PBXFileReference; fileEncoding = 4; lastKnownFileType = sourcecode.c.h; name = AppDelegate.h; path = ../AppDelegate.h; sourceTree = "<group>"; };
		43EEED5618CE524200159074 /* AppDelegate.m */ = {isa = PBXFileReference; fileEncoding = 4; lastKnownFileType = sourcecode.c.objc; name = AppDelegate.m; path = ../AppDelegate.m; sourceTree = "<group>"; };
		43EEED5818CE524200159074 /* Main.storyboard */ = {isa = PBXFileReference; fileEncoding = 4; lastKnownFileType = file.storyboard; name = Main.storyboard; path = ../Main.storyboard; sourceTree = "<group>"; };
		43EEED6018CE52AE00159074 /* MasterViewController.h */ = {isa = PBXFileReference; fileEncoding = 4; lastKnownFileType = sourcecode.c.h; path = MasterViewController.h; sourceTree = "<group>"; };
		43EEED6118CE52AE00159074 /* MasterViewController.m */ = {isa = PBXFileReference; fileEncoding = 4; lastKnownFileType = sourcecode.c.objc; path = MasterViewController.m; sourceTree = "<group>"; };
		43EEED6418CE52C900159074 /* ScribbleViewController.h */ = {isa = PBXFileReference; fileEncoding = 4; lastKnownFileType = sourcecode.c.h; path = ScribbleViewController.h; sourceTree = "<group>"; };
		43EEED6518CE52C900159074 /* ScribbleViewController.m */ = {isa = PBXFileReference; fileEncoding = 4; lastKnownFileType = sourcecode.c.objc; path = ScribbleViewController.m; sourceTree = "<group>"; };
		43EEED6618CE52C900159074 /* ScribbleViewController+MFMailComposeViewControllerDelegate.h */ = {isa = PBXFileReference; fileEncoding = 4; lastKnownFileType = sourcecode.c.h; path = "ScribbleViewController+MFMailComposeViewControllerDelegate.h"; sourceTree = "<group>"; };
		43EEED6718CE52C900159074 /* ScribbleViewController+MFMailComposeViewControllerDelegate.m */ = {isa = PBXFileReference; fileEncoding = 4; lastKnownFileType = sourcecode.c.objc; path = "ScribbleViewController+MFMailComposeViewControllerDelegate.m"; sourceTree = "<group>"; };
		43EEED9B18CE53A200159074 /* Settings.bundle */ = {isa = PBXFileReference; lastKnownFileType = "wrapper.plug-in"; path = Settings.bundle; sourceTree = "<group>"; };
		43EEED9F18CE53B900159074 /* Bubble_Icon.png */ = {isa = PBXFileReference; lastKnownFileType = image.png; path = Bubble_Icon.png; sourceTree = "<group>"; };
		43EEEDA018CE53B900159074 /* Bubble_Icon@2x.png */ = {isa = PBXFileReference; lastKnownFileType = image.png; path = "Bubble_Icon@2x.png"; sourceTree = "<group>"; };
		43EEEDA118CE53B900159074 /* Files_Icon.png */ = {isa = PBXFileReference; lastKnownFileType = image.png; path = Files_Icon.png; sourceTree = "<group>"; };
		43EEEDA218CE53B900159074 /* Gear_Icon@2x.png */ = {isa = PBXFileReference; lastKnownFileType = image.png; path = "Gear_Icon@2x.png"; sourceTree = "<group>"; };
		43EEEDA318CE53B900159074 /* Gear_Icon.png */ = {isa = PBXFileReference; lastKnownFileType = image.png; path = Gear_Icon.png; sourceTree = "<group>"; };
		43EEEDA418CE53B900159074 /* PureWeb_Logo.png */ = {isa = PBXFileReference; lastKnownFileType = image.png; path = PureWeb_Logo.png; sourceTree = "<group>"; };
		6CEE31CAA57A95F5974E9644 /* Pods-Scribble.debug.xcconfig */ = {isa = PBXFileReference; includeInIndex = 1; lastKnownFileType = text.xcconfig; name = "Pods-Scribble.debug.xcconfig"; path = "../Pods/Target Support Files/Pods-Scribble/Pods-Scribble.debug.xcconfig"; sourceTree = "<group>"; };
		83F8534618A3D4AF00AD0E5E /* Scribble.app */ = {isa = PBXFileReference; explicitFileType = wrapper.application; includeInIndex = 0; path = Scribble.app; sourceTree = BUILT_PRODUCTS_DIR; };
		83F8534918A3D4AF00AD0E5E /* Foundation.framework */ = {isa = PBXFileReference; lastKnownFileType = wrapper.framework; name = Foundation.framework; path = System/Library/Frameworks/Foundation.framework; sourceTree = SDKROOT; };
		83F8534B18A3D4AF00AD0E5E /* CoreGraphics.framework */ = {isa = PBXFileReference; lastKnownFileType = wrapper.framework; name = CoreGraphics.framework; path = System/Library/Frameworks/CoreGraphics.framework; sourceTree = SDKROOT; };
		83F8534D18A3D4AF00AD0E5E /* UIKit.framework */ = {isa = PBXFileReference; lastKnownFileType = wrapper.framework; name = UIKit.framework; path = System/Library/Frameworks/UIKit.framework; sourceTree = SDKROOT; };
		83F8535318A3D4AF00AD0E5E /* en */ = {isa = PBXFileReference; lastKnownFileType = text.plist.strings; name = en; path = en.lproj/InfoPlist.strings; sourceTree = "<group>"; };
		83F8535518A3D4AF00AD0E5E /* main.m */ = {isa = PBXFileReference; lastKnownFileType = sourcecode.c.objc; path = main.m; sourceTree = "<group>"; };
		83F8535718A3D4AF00AD0E5E /* Scribble-Prefix.pch */ = {isa = PBXFileReference; lastKnownFileType = sourcecode.c.h; path = "Scribble-Prefix.pch"; sourceTree = "<group>"; };
		83F8536B18A3D4AF00AD0E5E /* XCTest.framework */ = {isa = PBXFileReference; lastKnownFileType = wrapper.framework; name = XCTest.framework; path = Library/Frameworks/XCTest.framework; sourceTree = DEVELOPER_DIR; };
		83F8537318A3D4AF00AD0E5E /* ScribbleTests-Info.plist */ = {isa = PBXFileReference; lastKnownFileType = text.plist.xml; path = "ScribbleTests-Info.plist"; sourceTree = "<group>"; };
		83F8537518A3D4AF00AD0E5E /* en */ = {isa = PBXFileReference; lastKnownFileType = text.plist.strings; name = en; path = en.lproj/InfoPlist.strings; sourceTree = "<group>"; };
		83F8537718A3D4AF00AD0E5E /* ScribbleTests.m */ = {isa = PBXFileReference; lastKnownFileType = sourcecode.c.objc; path = ScribbleTests.m; sourceTree = "<group>"; };
		F30157430949A8DD6615265F /* Pods_Scribble.framework */ = {isa = PBXFileReference; explicitFileType = wrapper.framework; includeInIndex = 0; path = Pods_Scribble.framework; sourceTree = BUILT_PRODUCTS_DIR; };
/* End PBXFileReference section */

/* Begin PBXFrameworksBuildPhase section */
		83F8534318A3D4AF00AD0E5E /* Frameworks */ = {
			isa = PBXFrameworksBuildPhase;
			buildActionMask = 2147483647;
			files = (
				83F8534C18A3D4AF00AD0E5E /* CoreGraphics.framework in Frameworks */,
				83F8534E18A3D4AF00AD0E5E /* UIKit.framework in Frameworks */,
				83F8534A18A3D4AF00AD0E5E /* Foundation.framework in Frameworks */,
				0D447874FAC3C27DC24A7667 /* Pods_Scribble.framework in Frameworks */,
			);
			runOnlyForDeploymentPostprocessing = 0;
		};
/* End PBXFrameworksBuildPhase section */

/* Begin PBXGroup section */
		15E22DDEBA542A3B7C11FC31 /* Pods */ = {
			isa = PBXGroup;
			children = (
				6CEE31CAA57A95F5974E9644 /* Pods-Scribble.debug.xcconfig */,
				2368E2A510F5B94B68894383 /* Pods-Scribble.release.xcconfig */,
			);
			name = Pods;
			sourceTree = "<group>";
		};
		438F8FBE18DB8B3B0088C577 /* PureWebUI */ = {
			isa = PBXGroup;
			children = (
				4380754E18E0A12700A6E8CD /* NSURL+URLHelpers.h */,
				4380754F18E0A12700A6E8CD /* NSURL+URLHelpers.m */,
				438F8FBF18DB8B3B0088C577 /* AppStateViewController.h */,
				438F8FC018DB8B3B0088C577 /* AppStateViewController.m */,
				438F8FC118DB8B3B0088C577 /* DiagnosticsViewController.h */,
				438F8FC218DB8B3B0088C577 /* DiagnosticsViewController.m */,
				438F8FC318DB8B3B0088C577 /* DiagnosticViewDelegate.h */,
				438F8FC418DB8B3B0088C577 /* DiagnosticViewDelegate.m */,
				438F8FC518DB8B3B0088C577 /* LoginViewController.h */,
				438F8FC618DB8B3B0088C577 /* LoginViewController.m */,
				438F8FC718DB8B3B0088C577 /* OptionsViewController.h */,
				438F8FC818DB8B3B0088C577 /* OptionsViewController.m */,
				438F8FC918DB8B3B0088C577 /* PureWebUI-Prefix.pch */,
				438F8FCA18DB8B3B0088C577 /* Shared Resources */,
				438F8FCC18DB8B3B0088C577 /* TraceViewController.h */,
				438F8FCD18DB8B3B0088C577 /* TraceViewController.m */,
			);
			name = PureWebUI;
			path = ../../PureWebUI/PureWebUI;
			sourceTree = "<group>";
		};
		438F8FCA18DB8B3B0088C577 /* Shared Resources */ = {
			isa = PBXGroup;
			children = (
				438F8FCB18DB8B3B0088C577 /* Images.xcassets */,
			);
			path = "Shared Resources";
			sourceTree = "<group>";
		};
		43EEED5F18CE529B00159074 /* Scribble View Controller */ = {
			isa = PBXGroup;
			children = (
				43EEED6418CE52C900159074 /* ScribbleViewController.h */,
				43EEED6518CE52C900159074 /* ScribbleViewController.m */,
				43EEED6618CE52C900159074 /* ScribbleViewController+MFMailComposeViewControllerDelegate.h */,
				43EEED6718CE52C900159074 /* ScribbleViewController+MFMailComposeViewControllerDelegate.m */,
			);
			name = "Scribble View Controller";
			sourceTree = "<group>";
		};
		43EEED7118CE52E500159074 /* Color Selection View Controller */ = {
			isa = PBXGroup;
			children = (
				027191BB1C68F556001E25A4 /* ColorViewController.swift */,
			);
			name = "Color Selection View Controller";
			sourceTree = "<group>";
		};
		43EEED7618CE530200159074 /* Utilities & Categories */ = {
			isa = PBXGroup;
			children = (
				027191BD1C692D3D001E25A4 /* UIColor+HighlightColor.swift */,
			);
			name = "Utilities & Categories";
			sourceTree = "<group>";
		};
		43EEED9E18CE53AE00159074 /* Images */ = {
			isa = PBXGroup;
			children = (
				43EEED9F18CE53B900159074 /* Bubble_Icon.png */,
				43EEEDA018CE53B900159074 /* Bubble_Icon@2x.png */,
				43EEEDA118CE53B900159074 /* Files_Icon.png */,
				43EEEDA218CE53B900159074 /* Gear_Icon@2x.png */,
				43EEEDA318CE53B900159074 /* Gear_Icon.png */,
				43EEEDA418CE53B900159074 /* PureWeb_Logo.png */,
			);
			name = Images;
			sourceTree = "<group>";
		};
		83F8533D18A3D4AF00AD0E5E = {
			isa = PBXGroup;
			children = (
				83F8534F18A3D4AF00AD0E5E /* Scribble */,
				83F8537118A3D4AF00AD0E5E /* ScribbleTests */,
				83F8534818A3D4AF00AD0E5E /* Frameworks */,
				83F8534718A3D4AF00AD0E5E /* Products */,
				15E22DDEBA542A3B7C11FC31 /* Pods */,
			);
			sourceTree = "<group>";
		};
		83F8534718A3D4AF00AD0E5E /* Products */ = {
			isa = PBXGroup;
			children = (
				83F8534618A3D4AF00AD0E5E /* Scribble.app */,
			);
			name = Products;
			sourceTree = "<group>";
		};
		83F8534818A3D4AF00AD0E5E /* Frameworks */ = {
			isa = PBXGroup;
			children = (
				83F8534918A3D4AF00AD0E5E /* Foundation.framework */,
				83F8534B18A3D4AF00AD0E5E /* CoreGraphics.framework */,
				83F8534D18A3D4AF00AD0E5E /* UIKit.framework */,
				83F8536B18A3D4AF00AD0E5E /* XCTest.framework */,
				F30157430949A8DD6615265F /* Pods_Scribble.framework */,
			);
			name = Frameworks;
			sourceTree = "<group>";
		};
		83F8534F18A3D4AF00AD0E5E /* Scribble */ = {
			isa = PBXGroup;
			children = (
				02A96BC01C46F45D00E81807 /* LaunchScreen.storyboard */,
				438F8FBE18DB8B3B0088C577 /* PureWebUI */,
				43EEED7618CE530200159074 /* Utilities & Categories */,
				43EEED7118CE52E500159074 /* Color Selection View Controller */,
				43EEED6018CE52AE00159074 /* MasterViewController.h */,
				43EEED6118CE52AE00159074 /* MasterViewController.m */,
				43EEED5F18CE529B00159074 /* Scribble View Controller */,
				43EEED5518CE524200159074 /* AppDelegate.h */,
				43EEED5618CE524200159074 /* AppDelegate.m */,
				43EEED5818CE524200159074 /* Main.storyboard */,
				83F8535018A3D4AF00AD0E5E /* Supporting Files */,
				0285B2161C4FFB8C00B1B710 /* Scribble-Bridging-Header.h */,
			);
			path = Scribble;
			sourceTree = "<group>";
		};
		83F8535018A3D4AF00AD0E5E /* Supporting Files */ = {
			isa = PBXGroup;
			children = (
				43B7A0EF18CE58A600B817C8 /* Scribble-Info.plist */,
				43EEED9E18CE53AE00159074 /* Images */,
				43EEED9B18CE53A200159074 /* Settings.bundle */,
				83F8535218A3D4AF00AD0E5E /* InfoPlist.strings */,
				83F8535518A3D4AF00AD0E5E /* main.m */,
				83F8535718A3D4AF00AD0E5E /* Scribble-Prefix.pch */,
			);
			name = "Supporting Files";
			sourceTree = "<group>";
		};
		83F8537118A3D4AF00AD0E5E /* ScribbleTests */ = {
			isa = PBXGroup;
			children = (
				83F8537718A3D4AF00AD0E5E /* ScribbleTests.m */,
				83F8537218A3D4AF00AD0E5E /* Supporting Files */,
			);
			path = ScribbleTests;
			sourceTree = "<group>";
		};
		83F8537218A3D4AF00AD0E5E /* Supporting Files */ = {
			isa = PBXGroup;
			children = (
				83F8537318A3D4AF00AD0E5E /* ScribbleTests-Info.plist */,
				83F8537418A3D4AF00AD0E5E /* InfoPlist.strings */,
			);
			name = "Supporting Files";
			sourceTree = "<group>";
		};
/* End PBXGroup section */

/* Begin PBXNativeTarget section */
		83F8534518A3D4AF00AD0E5E /* Scribble */ = {
			isa = PBXNativeTarget;
			buildConfigurationList = 83F8537B18A3D4AF00AD0E5E /* Build configuration list for PBXNativeTarget "Scribble" */;
			buildPhases = (
				ADBBA9E01294444BA1B15F3C /* [CP] Check Pods Manifest.lock */,
				83F8534218A3D4AF00AD0E5E /* Sources */,
				83F8534318A3D4AF00AD0E5E /* Frameworks */,
				83F8534418A3D4AF00AD0E5E /* Resources */,
				E2666437346E46CF8B11B751 /* [CP] Copy Pods Resources */,
				FF69E35BD3B32D088B5954D7 /* [CP] Embed Pods Frameworks */,
			);
			buildRules = (
			);
			dependencies = (
			);
			name = Scribble;
			productName = Scribble;
			productReference = 83F8534618A3D4AF00AD0E5E /* Scribble.app */;
			productType = "com.apple.product-type.application";
		};
/* End PBXNativeTarget section */

/* Begin PBXProject section */
		83F8533E18A3D4AF00AD0E5E /* Project object */ = {
			isa = PBXProject;
			attributes = {
				LastUpgradeCheck = 0810;
				ORGANIZATIONNAME = "Calgary Scientific Inc";
				TargetAttributes = {
					83F8534518A3D4AF00AD0E5E = {
						DevelopmentTeam = 7YXDF4B95A;
						LastSwiftMigration = 0810;
					};
				};
			};
			buildConfigurationList = 83F8534118A3D4AF00AD0E5E /* Build configuration list for PBXProject "Scribble" */;
			compatibilityVersion = "Xcode 3.2";
			developmentRegion = English;
			hasScannedForEncodings = 0;
			knownRegions = (
				en,
				Base,
			);
			mainGroup = 83F8533D18A3D4AF00AD0E5E;
			productRefGroup = 83F8534718A3D4AF00AD0E5E /* Products */;
			projectDirPath = "";
			projectRoot = "";
			targets = (
				83F8534518A3D4AF00AD0E5E /* Scribble */,
			);
		};
/* End PBXProject section */

/* Begin PBXResourcesBuildPhase section */
		83F8534418A3D4AF00AD0E5E /* Resources */ = {
			isa = PBXResourcesBuildPhase;
			buildActionMask = 2147483647;
			files = (
				43EEEDAB18CE53B900159074 /* Gear_Icon@2x.png in Resources */,
				43EEED5D18CE524200159074 /* Main.storyboard in Resources */,
				43EEEDAD18CE53B900159074 /* Gear_Icon.png in Resources */,
				43EEEDAF18CE53B900159074 /* PureWeb_Logo.png in Resources */,
				438F8FD318DB8B3B0088C577 /* Images.xcassets in Resources */,
				43EEEDA518CE53B900159074 /* Bubble_Icon.png in Resources */,
				43EEED9C18CE53A200159074 /* Settings.bundle in Resources */,
				43EEEDA918CE53B900159074 /* Files_Icon.png in Resources */,
				83F8535418A3D4AF00AD0E5E /* InfoPlist.strings in Resources */,
				02A96BC11C46F45D00E81807 /* LaunchScreen.storyboard in Resources */,
				43EEEDA718CE53B900159074 /* Bubble_Icon@2x.png in Resources */,
			);
			runOnlyForDeploymentPostprocessing = 0;
		};
/* End PBXResourcesBuildPhase section */

/* Begin PBXShellScriptBuildPhase section */
		ADBBA9E01294444BA1B15F3C /* [CP] Check Pods Manifest.lock */ = {
			isa = PBXShellScriptBuildPhase;
			buildActionMask = 2147483647;
			files = (
			);
			inputPaths = (
			);
			name = "[CP] Check Pods Manifest.lock";
			outputPaths = (
			);
			runOnlyForDeploymentPostprocessing = 0;
			shellPath = /bin/sh;
			shellScript = "diff \"${PODS_ROOT}/../Podfile.lock\" \"${PODS_ROOT}/Manifest.lock\" > /dev/null\nif [ $? != 0 ] ; then\n    # print error to STDERR\n    echo \"error: The sandbox is not in sync with the Podfile.lock. Run 'pod install' or update your CocoaPods installation.\" >&2\n    exit 1\nfi\n";
			showEnvVarsInLog = 0;
		};
		E2666437346E46CF8B11B751 /* [CP] Copy Pods Resources */ = {
			isa = PBXShellScriptBuildPhase;
			buildActionMask = 2147483647;
			files = (
			);
			inputPaths = (
			);
			name = "[CP] Copy Pods Resources";
			outputPaths = (
			);
			runOnlyForDeploymentPostprocessing = 0;
			shellPath = /bin/sh;
			shellScript = "\"${SRCROOT}/../Pods/Target Support Files/Pods-Scribble/Pods-Scribble-resources.sh\"\n";
			showEnvVarsInLog = 0;
		};
		FF69E35BD3B32D088B5954D7 /* [CP] Embed Pods Frameworks */ = {
			isa = PBXShellScriptBuildPhase;
			buildActionMask = 2147483647;
			files = (
			);
			inputPaths = (
			);
			name = "[CP] Embed Pods Frameworks";
			outputPaths = (
			);
			runOnlyForDeploymentPostprocessing = 0;
			shellPath = /bin/sh;
			shellScript = "\"${SRCROOT}/../Pods/Target Support Files/Pods-Scribble/Pods-Scribble-frameworks.sh\"\n";
			showEnvVarsInLog = 0;
		};
/* End PBXShellScriptBuildPhase section */

/* Begin PBXSourcesBuildPhase section */
		83F8534218A3D4AF00AD0E5E /* Sources */ = {
			isa = PBXSourcesBuildPhase;
			buildActionMask = 2147483647;
			files = (
				43EEED6A18CE52C900159074 /* ScribbleViewController+MFMailComposeViewControllerDelegate.m in Sources */,
				43EEED6818CE52C900159074 /* ScribbleViewController.m in Sources */,
				438F8FD018DB8B3B0088C577 /* DiagnosticViewDelegate.m in Sources */,
				43EEED5918CE524200159074 /* AppDelegate.m in Sources */,
				438F8FD218DB8B3B0088C577 /* OptionsViewController.m in Sources */,
				027191BE1C692D3D001E25A4 /* UIColor+HighlightColor.swift in Sources */,
				438F8FCE18DB8B3B0088C577 /* AppStateViewController.m in Sources */,
				438F8FCF18DB8B3B0088C577 /* DiagnosticsViewController.m in Sources */,
				4380755018E0A12700A6E8CD /* NSURL+URLHelpers.m in Sources */,
				438F8FD418DB8B3B0088C577 /* TraceViewController.m in Sources */,
				43EEED6218CE52AE00159074 /* MasterViewController.m in Sources */,
				438F8FD118DB8B3B0088C577 /* LoginViewController.m in Sources */,
				027191BC1C68F556001E25A4 /* ColorViewController.swift in Sources */,
				83F8535618A3D4AF00AD0E5E /* main.m in Sources */,
			);
			runOnlyForDeploymentPostprocessing = 0;
		};
/* End PBXSourcesBuildPhase section */

/* Begin PBXVariantGroup section */
		83F8535218A3D4AF00AD0E5E /* InfoPlist.strings */ = {
			isa = PBXVariantGroup;
			children = (
				83F8535318A3D4AF00AD0E5E /* en */,
			);
			name = InfoPlist.strings;
			sourceTree = "<group>";
		};
		83F8537418A3D4AF00AD0E5E /* InfoPlist.strings */ = {
			isa = PBXVariantGroup;
			children = (
				83F8537518A3D4AF00AD0E5E /* en */,
			);
			name = InfoPlist.strings;
			sourceTree = "<group>";
		};
/* End PBXVariantGroup section */

/* Begin XCBuildConfiguration section */
		83F8537918A3D4AF00AD0E5E /* Debug */ = {
			isa = XCBuildConfiguration;
			buildSettings = {
				ALWAYS_SEARCH_USER_PATHS = NO;
				CLANG_CXX_LANGUAGE_STANDARD = "gnu++0x";
				CLANG_CXX_LIBRARY = "libc++";
				CLANG_ENABLE_MODULES = YES;
				CLANG_ENABLE_OBJC_ARC = YES;
				CLANG_WARN_BOOL_CONVERSION = YES;
				CLANG_WARN_CONSTANT_CONVERSION = YES;
				CLANG_WARN_DIRECT_OBJC_ISA_USAGE = YES_ERROR;
				CLANG_WARN_EMPTY_BODY = YES;
				CLANG_WARN_ENUM_CONVERSION = YES;
				CLANG_WARN_INFINITE_RECURSION = YES;
				CLANG_WARN_INT_CONVERSION = YES;
				CLANG_WARN_OBJC_ROOT_CLASS = YES_ERROR;
				CLANG_WARN_SUSPICIOUS_MOVE = YES;
				CLANG_WARN_UNREACHABLE_CODE = YES;
				CLANG_WARN__DUPLICATE_METHOD_MATCH = YES;
				"CODE_SIGN_IDENTITY[sdk=iphoneos*]" = "iPhone Developer";
				COPY_PHASE_STRIP = NO;
				ENABLE_STRICT_OBJC_MSGSEND = YES;
				ENABLE_TESTABILITY = YES;
				GCC_C_LANGUAGE_STANDARD = gnu99;
				GCC_DYNAMIC_NO_PIC = NO;
				GCC_NO_COMMON_BLOCKS = YES;
				GCC_OPTIMIZATION_LEVEL = 0;
				GCC_PREPROCESSOR_DEFINITIONS = (
					"DEBUG=1",
					"$(inherited)",
				);
				GCC_SYMBOLS_PRIVATE_EXTERN = NO;
				GCC_WARN_64_TO_32_BIT_CONVERSION = YES;
				GCC_WARN_ABOUT_RETURN_TYPE = YES_ERROR;
				GCC_WARN_UNDECLARED_SELECTOR = YES;
				GCC_WARN_UNINITIALIZED_AUTOS = YES;
				GCC_WARN_UNUSED_FUNCTION = YES;
				GCC_WARN_UNUSED_VARIABLE = YES;
				IPHONEOS_DEPLOYMENT_TARGET = 9.0;
				ONLY_ACTIVE_ARCH = YES;
				SDKROOT = iphoneos;
				TARGETED_DEVICE_FAMILY = "1,2";
			};
			name = Debug;
		};
		83F8537A18A3D4AF00AD0E5E /* Release */ = {
			isa = XCBuildConfiguration;
			buildSettings = {
				ALWAYS_SEARCH_USER_PATHS = NO;
				CLANG_CXX_LANGUAGE_STANDARD = "gnu++0x";
				CLANG_CXX_LIBRARY = "libc++";
				CLANG_ENABLE_MODULES = YES;
				CLANG_ENABLE_OBJC_ARC = YES;
				CLANG_WARN_BOOL_CONVERSION = YES;
				CLANG_WARN_CONSTANT_CONVERSION = YES;
				CLANG_WARN_DIRECT_OBJC_ISA_USAGE = YES_ERROR;
				CLANG_WARN_EMPTY_BODY = YES;
				CLANG_WARN_ENUM_CONVERSION = YES;
				CLANG_WARN_INFINITE_RECURSION = YES;
				CLANG_WARN_INT_CONVERSION = YES;
				CLANG_WARN_OBJC_ROOT_CLASS = YES_ERROR;
				CLANG_WARN_SUSPICIOUS_MOVE = YES;
				CLANG_WARN_UNREACHABLE_CODE = YES;
				CLANG_WARN__DUPLICATE_METHOD_MATCH = YES;
				"CODE_SIGN_IDENTITY[sdk=iphoneos*]" = "iPhone Developer";
				COPY_PHASE_STRIP = YES;
				ENABLE_NS_ASSERTIONS = NO;
				ENABLE_STRICT_OBJC_MSGSEND = YES;
				GCC_C_LANGUAGE_STANDARD = gnu99;
				GCC_NO_COMMON_BLOCKS = YES;
				GCC_WARN_64_TO_32_BIT_CONVERSION = YES;
				GCC_WARN_ABOUT_RETURN_TYPE = YES_ERROR;
				GCC_WARN_UNDECLARED_SELECTOR = YES;
				GCC_WARN_UNINITIALIZED_AUTOS = YES;
				GCC_WARN_UNUSED_FUNCTION = YES;
				GCC_WARN_UNUSED_VARIABLE = YES;
				IPHONEOS_DEPLOYMENT_TARGET = 9.0;
				SDKROOT = iphoneos;
				SWIFT_OPTIMIZATION_LEVEL = "-Owholemodule";
				TARGETED_DEVICE_FAMILY = "1,2";
				VALIDATE_PRODUCT = YES;
			};
			name = Release;
		};
		83F8537C18A3D4AF00AD0E5E /* Debug */ = {
			isa = XCBuildConfiguration;
			baseConfigurationReference = 6CEE31CAA57A95F5974E9644 /* Pods-Scribble.debug.xcconfig */;
			buildSettings = {
				ASSETCATALOG_COMPILER_APPICON_NAME = AppIcon;
				ASSETCATALOG_COMPILER_LAUNCHIMAGE_NAME = LaunchImage;
				CLANG_ENABLE_MODULES = YES;
				CODE_SIGN_IDENTITY = "iPhone Developer";
				"CODE_SIGN_IDENTITY[sdk=iphoneos*]" = "iPhone Developer";
				GCC_PRECOMPILE_PREFIX_HEADER = YES;
				GCC_PREFIX_HEADER = "Scribble/Scribble-Prefix.pch";
				HEADER_SEARCH_PATHS = "$(inherited)";
				INFOPLIST_FILE = "Scribble/Scribble-Info.plist";
				IPHONEOS_DEPLOYMENT_TARGET = 8.0;
				LD_RUNPATH_SEARCH_PATHS = "$(inherited) @executable_path/Frameworks";
				PRODUCT_BUNDLE_IDENTIFIER = com.CalgaryScientific.Scribble;
				PRODUCT_NAME = "$(TARGET_NAME)";
				PROVISIONING_PROFILE = "";
				SWIFT_OBJC_BRIDGING_HEADER = "Scribble/Scribble-Bridging-Header.h";
				SWIFT_OPTIMIZATION_LEVEL = "-Onone";
				SWIFT_VERSION = 3.0;
				WRAPPER_EXTENSION = app;
			};
			name = Debug;
		};
		83F8537D18A3D4AF00AD0E5E /* Release */ = {
			isa = XCBuildConfiguration;
			baseConfigurationReference = 2368E2A510F5B94B68894383 /* Pods-Scribble.release.xcconfig */;
			buildSettings = {
				ASSETCATALOG_COMPILER_APPICON_NAME = AppIcon;
				ASSETCATALOG_COMPILER_LAUNCHIMAGE_NAME = LaunchImage;
				CLANG_ENABLE_MODULES = YES;
				CODE_SIGN_IDENTITY = "iPhone Developer";
				"CODE_SIGN_IDENTITY[sdk=iphoneos*]" = "iPhone Developer";
				GCC_PRECOMPILE_PREFIX_HEADER = YES;
				GCC_PREFIX_HEADER = "Scribble/Scribble-Prefix.pch";
				HEADER_SEARCH_PATHS = "$(inherited)";
				INFOPLIST_FILE = "Scribble/Scribble-Info.plist";
				IPHONEOS_DEPLOYMENT_TARGET = 8.0;
				LD_RUNPATH_SEARCH_PATHS = "$(inherited) @executable_path/Frameworks";
				PRODUCT_BUNDLE_IDENTIFIER = com.CalgaryScientific.Scribble;
				PRODUCT_NAME = "$(TARGET_NAME)";
				PROVISIONING_PROFILE = "";
				SWIFT_OBJC_BRIDGING_HEADER = "Scribble/Scribble-Bridging-Header.h";
				SWIFT_VERSION = 3.0;
				WRAPPER_EXTENSION = app;
			};
			name = Release;
		};
/* End XCBuildConfiguration section */

/* Begin XCConfigurationList section */
		83F8534118A3D4AF00AD0E5E /* Build configuration list for PBXProject "Scribble" */ = {
			isa = XCConfigurationList;
			buildConfigurations = (
				83F8537918A3D4AF00AD0E5E /* Debug */,
				83F8537A18A3D4AF00AD0E5E /* Release */,
			);
			defaultConfigurationIsVisible = 0;
			defaultConfigurationName = Release;
		};
		83F8537B18A3D4AF00AD0E5E /* Build configuration list for PBXNativeTarget "Scribble" */ = {
			isa = XCConfigurationList;
			buildConfigurations = (
				83F8537C18A3D4AF00AD0E5E /* Debug */,
				83F8537D18A3D4AF00AD0E5E /* Release */,
			);
			defaultConfigurationIsVisible = 0;
			defaultConfigurationName = Release;
		};
/* End XCConfigurationList section */
	};
	rootObject = 83F8533E18A3D4AF00AD0E5E /* Project object */;
}
